
Microsoft Visual Studio Solution File, Format Version 12.00
# Visual Studio 11
Project("{2150E333-8FDC-42A3-9474-1A3956D46DE8}") = "Source", "Source", "{85126C5C-B2BF-4DA5-B2D2-B107A0A71DA3}"
EndProject
Project("{2150E333-8FDC-42A3-9474-1A3956D46DE8}") = "Experimental", "Experimental", "{DA155808-C6A1-4C64-96DF-A5DD37FB935D}"
EndProject
Project("{FAE04EC0-301F-11D3-BF4B-00C04F79EFBC}") = "ReactiveProperty.NET45", "Source\NET45\ReactiveProperty.NET45.csproj", "{A52563E4-3C8A-4A3C-AECF-634F861FB8EB}"
EndProject
Project("{FAE04EC0-301F-11D3-BF4B-00C04F79EFBC}") = "ReactiveProperty.Experimental.NET45", "Experimental\NET45\ReactiveProperty.Experimental.NET45.csproj", "{F7D7C829-8D74-4DD2-B39F-D4EE03B9B82E}"
EndProject
Global
	GlobalSection(SolutionConfigurationPlatforms) = preSolution
		Debug|Any CPU = Debug|Any CPU
		Release|Any CPU = Release|Any CPU
	EndGlobalSection
	GlobalSection(ProjectConfigurationPlatforms) = postSolution
		{A52563E4-3C8A-4A3C-AECF-634F861FB8EB}.Debug|Any CPU.ActiveCfg = Debug|Any CPU
		{A52563E4-3C8A-4A3C-AECF-634F861FB8EB}.Debug|Any CPU.Build.0 = Debug|Any CPU
		{A52563E4-3C8A-4A3C-AECF-634F861FB8EB}.Release|Any CPU.ActiveCfg = Release|Any CPU
		{A52563E4-3C8A-4A3C-AECF-634F861FB8EB}.Release|Any CPU.Build.0 = Release|Any CPU
		{F7D7C829-8D74-4DD2-B39F-D4EE03B9B82E}.Debug|Any CPU.ActiveCfg = Debug|Any CPU
		{F7D7C829-8D74-4DD2-B39F-D4EE03B9B82E}.Debug|Any CPU.Build.0 = Debug|Any CPU
		{F7D7C829-8D74-4DD2-B39F-D4EE03B9B82E}.Release|Any CPU.ActiveCfg = Release|Any CPU
		{F7D7C829-8D74-4DD2-B39F-D4EE03B9B82E}.Release|Any CPU.Build.0 = Release|Any CPU
	EndGlobalSection
	GlobalSection(SolutionProperties) = preSolution
		HideSolutionNode = FALSE
	EndGlobalSection
	GlobalSection(NestedProjects) = preSolution
		{A52563E4-3C8A-4A3C-AECF-634F861FB8EB} = {85126C5C-B2BF-4DA5-B2D2-B107A0A71DA3}
		{F7D7C829-8D74-4DD2-B39F-D4EE03B9B82E} = {DA155808-C6A1-4C64-96DF-A5DD37FB935D}
	EndGlobalSection
EndGlobal
