
Microsoft Visual Studio Solution File, Format Version 11.00
# Visual Studio 2010
Project("{2150E333-8FDC-42A3-9474-1A3956D46DE8}") = "Source", "Source", "{592AA479-AD7F-476B-AEF8-2B0268EA3BD8}"
EndProject
Project("{FAE04EC0-301F-11D3-BF4B-00C04F79EFBC}") = "ReactiveProperty.SL4", "Source\SL4\ReactiveProperty.SL4.csproj", "{74D4FD08-05D0-430A-BE08-F4DA1BE0A71B}"
EndProject
Project("{2150E333-8FDC-42A3-9474-1A3956D46DE8}") = "Test", "Test", "{6B13388E-F781-4F55-AF8B-2E991EA59DB8}"
EndProject
Project("{2150E333-8FDC-42A3-9474-1A3956D46DE8}") = "Sample", "Sample", "{6356D836-36AA-4CD9-8EB2-BF037115D329}"
EndProject
Project("{FAE04EC0-301F-11D3-BF4B-00C04F79EFBC}") = "WPF", "Sample\WPF\WPF.csproj", "{5894EB9D-270B-41E4-B57A-4F3A48062D20}"
EndProject
Project("{FAE04EC0-301F-11D3-BF4B-00C04F79EFBC}") = "ReactiveProperty.Tests", "Test\ReactiveProperty.Tests\ReactiveProperty.Tests.csproj", "{9B3C2CF3-0AFD-4FB8-BAB1-2B7931C2AF18}"
EndProject
Project("{2150E333-8FDC-42A3-9474-1A3956D46DE8}") = "Solution Items", "Solution Items", "{6EA82B8C-E3AE-4CEF-8666-DD67FEBDE192}"
	ProjectSection(SolutionItems) = preProject
		Local.testsettings = Local.testsettings
		ReactiveProperty.vsmdi = ReactiveProperty.vsmdi
		TraceAndTestImpact.testsettings = TraceAndTestImpact.testsettings
	EndProjectSection
EndProject
Project("{FAE04EC0-301F-11D3-BF4B-00C04F79EFBC}") = "ReactiveProperty.Tests.Pex", "Test\ReactiveProperty.Tests.Pex\ReactiveProperty.Tests.Pex.csproj", "{6A3C066B-46A4-4928-80B4-89C32D651277}"
EndProject
Project("{FAE04EC0-301F-11D3-BF4B-00C04F79EFBC}") = "Silverlight", "Sample\Silverlight\Silverlight.csproj", "{1727E152-CA8D-4011-83FC-4E908711938F}"
EndProject
Project("{FAE04EC0-301F-11D3-BF4B-00C04F79EFBC}") = "ReactiveProperty.WP7", "Source\WP7\ReactiveProperty.WP7.csproj", "{1D98A326-401B-4A99-97EA-2FF3697C266F}"
EndProject
Project("{FAE04EC0-301F-11D3-BF4B-00C04F79EFBC}") = "ReactiveProperty.WP7.Rx-Main", "Source\WP7.Rx-Main\ReactiveProperty.WP7.Rx-Main.csproj", "{0296B16D-FD94-4764-B403-A74A157F7BD8}"
EndProject
Project("{2150E333-8FDC-42A3-9474-1A3956D46DE8}") = "Snippet", "Snippet", "{9F7EFC36-593F-4521-B678-41B00A6642B1}"
	ProjectSection(SolutionItems) = preProject
		Snippet\ReactiveCollection.snippet = Snippet\ReactiveCollection.snippet
		Snippet\ReactiveCommand.snippet = Snippet\ReactiveCommand.snippet
		Snippet\ReactiveCommandGeneric.snippet = Snippet\ReactiveCommandGeneric.snippet
		Snippet\ReactiveProperty.snippet = Snippet\ReactiveProperty.snippet
	EndProjectSection
EndProject
Project("{2150E333-8FDC-42A3-9474-1A3956D46DE8}") = "Docs", "Docs", "{A9542547-5556-442E-ACCB-6DB437E5E25C}"
	ProjectSection(SolutionItems) = preProject
		Docs\(JPN)Session_SilverlightSquareInTokyo4.pptx = Docs\(JPN)Session_SilverlightSquareInTokyo4.pptx
		Docs\Asset.pptx = Docs\Asset.pptx
		Docs\ReadMe.txt = Docs\ReadMe.txt
	EndProjectSection
EndProject
Project("{FAE04EC0-301F-11D3-BF4B-00C04F79EFBC}") = "WP7", "Sample\WP7\WP7.csproj", "{A16C4DB4-50A5-47AB-8565-B5C6157EB1EA}"
EndProject
Project("{2150E333-8FDC-42A3-9474-1A3956D46DE8}") = "BuildTools", "BuildTools", "{217A0F6B-BDE7-4D6A-BF3D-8B273FB2AA69}"
	ProjectSection(SolutionItems) = preProject
		BuildTools\Ionic.Zip.dll = BuildTools\Ionic.Zip.dll
		BuildTools\NuGet.exe = BuildTools\NuGet.exe
		BuildTools\pack.bat = BuildTools\pack.bat
		BuildTools\push.bat = BuildTools\push.bat
		BuildTools\ReactiveProperty-WP7.nuspec = BuildTools\ReactiveProperty-WP7.nuspec
		BuildTools\ReactiveProperty.nuspec = BuildTools\ReactiveProperty.nuspec
	EndProjectSection
EndProject
Project("{FAE04EC0-301F-11D3-BF4B-00C04F79EFBC}") = "ReactiveProperty.SL5", "Source\SL5\ReactiveProperty.SL5.csproj", "{C6299413-EC6C-4C05-8533-0B141EC0A74F}"
EndProject
Project("{2150E333-8FDC-42A3-9474-1A3956D46DE8}") = "Experimental", "Experimental", "{67A413A0-BD1C-442D-A941-DBE382A3311C}"
EndProject
Project("{FAE04EC0-301F-11D3-BF4B-00C04F79EFBC}") = "ReactiveProperty.Experimental.SL4", "Experimental\SL4\ReactiveProperty.Experimental.SL4.csproj", "{50E04FEC-5472-4D43-B473-DEE4DBAF89B8}"
EndProject
Project("{FAE04EC0-301F-11D3-BF4B-00C04F79EFBC}") = "ReactiveProperty.Experimental.SL5", "Experimental\SL5\ReactiveProperty.Experimental.SL5.csproj", "{906EF33B-3A96-4EAA-91CF-53516DE088F1}"
EndProject
Project("{FAE04EC0-301F-11D3-BF4B-00C04F79EFBC}") = "ReactiveProperty.Experimental.WP7.Rx-Main", "Experimental\WP7.Rx-Main\ReactiveProperty.Experimental.WP7.Rx-Main.csproj", "{BBDFA04A-8734-422D-8F59-9D501036E2F6}"
EndProject
Project("{FAE04EC0-301F-11D3-BF4B-00C04F79EFBC}") = "ReactiveProperty.Experimental.NET40", "Experimental\NET40\ReactiveProperty.Experimental.NET40.csproj", "{F8894035-FB81-4ED6-8226-9F9C79466628}"
EndProject
Project("{FAE04EC0-301F-11D3-BF4B-00C04F79EFBC}") = "ReactiveProperty.NET40", "Source\NET40\ReactiveProperty.NET40.csproj", "{1FA4492A-829D-4CD6-86E0-D224AB19377E}"
EndProject
Global
	GlobalSection(TestCaseManagementSettings) = postSolution
		CategoryFile = ReactiveProperty.vsmdi
	EndGlobalSection
	GlobalSection(SolutionConfigurationPlatforms) = preSolution
		Debug|Any CPU = Debug|Any CPU
		Debug|Mixed Platforms = Debug|Mixed Platforms
		Debug|x86 = Debug|x86
		Release|Any CPU = Release|Any CPU
		Release|Mixed Platforms = Release|Mixed Platforms
		Release|x86 = Release|x86
	EndGlobalSection
	GlobalSection(ProjectConfigurationPlatforms) = postSolution
		{74D4FD08-05D0-430A-BE08-F4DA1BE0A71B}.Debug|Any CPU.ActiveCfg = Debug|Any CPU
		{74D4FD08-05D0-430A-BE08-F4DA1BE0A71B}.Debug|Any CPU.Build.0 = Debug|Any CPU
		{74D4FD08-05D0-430A-BE08-F4DA1BE0A71B}.Debug|Mixed Platforms.ActiveCfg = Debug|Any CPU
		{74D4FD08-05D0-430A-BE08-F4DA1BE0A71B}.Debug|Mixed Platforms.Build.0 = Debug|Any CPU
		{74D4FD08-05D0-430A-BE08-F4DA1BE0A71B}.Debug|x86.ActiveCfg = Debug|Any CPU
		{74D4FD08-05D0-430A-BE08-F4DA1BE0A71B}.Release|Any CPU.ActiveCfg = Release|Any CPU
		{74D4FD08-05D0-430A-BE08-F4DA1BE0A71B}.Release|Any CPU.Build.0 = Release|Any CPU
		{74D4FD08-05D0-430A-BE08-F4DA1BE0A71B}.Release|Mixed Platforms.ActiveCfg = Release|Any CPU
		{74D4FD08-05D0-430A-BE08-F4DA1BE0A71B}.Release|Mixed Platforms.Build.0 = Release|Any CPU
		{74D4FD08-05D0-430A-BE08-F4DA1BE0A71B}.Release|x86.ActiveCfg = Release|Any CPU
		{5894EB9D-270B-41E4-B57A-4F3A48062D20}.Debug|Any CPU.ActiveCfg = Debug|x86
		{5894EB9D-270B-41E4-B57A-4F3A48062D20}.Debug|Mixed Platforms.ActiveCfg = Debug|x86
		{5894EB9D-270B-41E4-B57A-4F3A48062D20}.Debug|Mixed Platforms.Build.0 = Debug|x86
		{5894EB9D-270B-41E4-B57A-4F3A48062D20}.Debug|x86.ActiveCfg = Debug|x86
		{5894EB9D-270B-41E4-B57A-4F3A48062D20}.Debug|x86.Build.0 = Debug|x86
		{5894EB9D-270B-41E4-B57A-4F3A48062D20}.Release|Any CPU.ActiveCfg = Release|x86
		{5894EB9D-270B-41E4-B57A-4F3A48062D20}.Release|Mixed Platforms.ActiveCfg = Release|x86
		{5894EB9D-270B-41E4-B57A-4F3A48062D20}.Release|Mixed Platforms.Build.0 = Release|x86
		{5894EB9D-270B-41E4-B57A-4F3A48062D20}.Release|x86.ActiveCfg = Release|x86
		{5894EB9D-270B-41E4-B57A-4F3A48062D20}.Release|x86.Build.0 = Release|x86
		{9B3C2CF3-0AFD-4FB8-BAB1-2B7931C2AF18}.Debug|Any CPU.ActiveCfg = Debug|Any CPU
		{9B3C2CF3-0AFD-4FB8-BAB1-2B7931C2AF18}.Debug|Any CPU.Build.0 = Debug|Any CPU
		{9B3C2CF3-0AFD-4FB8-BAB1-2B7931C2AF18}.Debug|Mixed Platforms.ActiveCfg = Debug|Any CPU
		{9B3C2CF3-0AFD-4FB8-BAB1-2B7931C2AF18}.Debug|Mixed Platforms.Build.0 = Debug|Any CPU
		{9B3C2CF3-0AFD-4FB8-BAB1-2B7931C2AF18}.Debug|x86.ActiveCfg = Debug|Any CPU
		{9B3C2CF3-0AFD-4FB8-BAB1-2B7931C2AF18}.Release|Any CPU.ActiveCfg = Release|Any CPU
		{9B3C2CF3-0AFD-4FB8-BAB1-2B7931C2AF18}.Release|Any CPU.Build.0 = Release|Any CPU
		{9B3C2CF3-0AFD-4FB8-BAB1-2B7931C2AF18}.Release|Mixed Platforms.ActiveCfg = Release|Any CPU
		{9B3C2CF3-0AFD-4FB8-BAB1-2B7931C2AF18}.Release|Mixed Platforms.Build.0 = Release|Any CPU
		{9B3C2CF3-0AFD-4FB8-BAB1-2B7931C2AF18}.Release|x86.ActiveCfg = Release|Any CPU
		{6A3C066B-46A4-4928-80B4-89C32D651277}.Debug|Any CPU.ActiveCfg = Debug|Any CPU
		{6A3C066B-46A4-4928-80B4-89C32D651277}.Debug|Any CPU.Build.0 = Debug|Any CPU
		{6A3C066B-46A4-4928-80B4-89C32D651277}.Debug|Mixed Platforms.ActiveCfg = Debug|Any CPU
		{6A3C066B-46A4-4928-80B4-89C32D651277}.Debug|Mixed Platforms.Build.0 = Debug|Any CPU
		{6A3C066B-46A4-4928-80B4-89C32D651277}.Debug|x86.ActiveCfg = Debug|Any CPU
		{6A3C066B-46A4-4928-80B4-89C32D651277}.Release|Any CPU.ActiveCfg = Release|Any CPU
		{6A3C066B-46A4-4928-80B4-89C32D651277}.Release|Any CPU.Build.0 = Release|Any CPU
		{6A3C066B-46A4-4928-80B4-89C32D651277}.Release|Mixed Platforms.ActiveCfg = Release|Any CPU
		{6A3C066B-46A4-4928-80B4-89C32D651277}.Release|Mixed Platforms.Build.0 = Release|Any CPU
		{6A3C066B-46A4-4928-80B4-89C32D651277}.Release|x86.ActiveCfg = Release|Any CPU
		{1727E152-CA8D-4011-83FC-4E908711938F}.Debug|Any CPU.ActiveCfg = Debug|Any CPU
		{1727E152-CA8D-4011-83FC-4E908711938F}.Debug|Any CPU.Build.0 = Debug|Any CPU
		{1727E152-CA8D-4011-83FC-4E908711938F}.Debug|Mixed Platforms.ActiveCfg = Debug|Any CPU
		{1727E152-CA8D-4011-83FC-4E908711938F}.Debug|Mixed Platforms.Build.0 = Debug|Any CPU
		{1727E152-CA8D-4011-83FC-4E908711938F}.Debug|x86.ActiveCfg = Debug|Any CPU
		{1727E152-CA8D-4011-83FC-4E908711938F}.Release|Any CPU.ActiveCfg = Release|Any CPU
		{1727E152-CA8D-4011-83FC-4E908711938F}.Release|Any CPU.Build.0 = Release|Any CPU
		{1727E152-CA8D-4011-83FC-4E908711938F}.Release|Mixed Platforms.ActiveCfg = Release|Any CPU
		{1727E152-CA8D-4011-83FC-4E908711938F}.Release|Mixed Platforms.Build.0 = Release|Any CPU
		{1727E152-CA8D-4011-83FC-4E908711938F}.Release|x86.ActiveCfg = Release|Any CPU
		{1D98A326-401B-4A99-97EA-2FF3697C266F}.Debug|Any CPU.ActiveCfg = Debug|Any CPU
		{1D98A326-401B-4A99-97EA-2FF3697C266F}.Debug|Any CPU.Build.0 = Debug|Any CPU
		{1D98A326-401B-4A99-97EA-2FF3697C266F}.Debug|Mixed Platforms.ActiveCfg = Debug|Any CPU
		{1D98A326-401B-4A99-97EA-2FF3697C266F}.Debug|Mixed Platforms.Build.0 = Debug|Any CPU
		{1D98A326-401B-4A99-97EA-2FF3697C266F}.Debug|x86.ActiveCfg = Debug|Any CPU
		{1D98A326-401B-4A99-97EA-2FF3697C266F}.Release|Any CPU.ActiveCfg = Release|Any CPU
		{1D98A326-401B-4A99-97EA-2FF3697C266F}.Release|Any CPU.Build.0 = Release|Any CPU
		{1D98A326-401B-4A99-97EA-2FF3697C266F}.Release|Mixed Platforms.ActiveCfg = Release|Any CPU
		{1D98A326-401B-4A99-97EA-2FF3697C266F}.Release|Mixed Platforms.Build.0 = Release|Any CPU
		{1D98A326-401B-4A99-97EA-2FF3697C266F}.Release|x86.ActiveCfg = Release|Any CPU
		{0296B16D-FD94-4764-B403-A74A157F7BD8}.Debug|Any CPU.ActiveCfg = Debug|Any CPU
		{0296B16D-FD94-4764-B403-A74A157F7BD8}.Debug|Any CPU.Build.0 = Debug|Any CPU
		{0296B16D-FD94-4764-B403-A74A157F7BD8}.Debug|Mixed Platforms.ActiveCfg = Debug|Any CPU
		{0296B16D-FD94-4764-B403-A74A157F7BD8}.Debug|Mixed Platforms.Build.0 = Debug|Any CPU
		{0296B16D-FD94-4764-B403-A74A157F7BD8}.Debug|x86.ActiveCfg = Debug|Any CPU
		{0296B16D-FD94-4764-B403-A74A157F7BD8}.Release|Any CPU.ActiveCfg = Release|Any CPU
		{0296B16D-FD94-4764-B403-A74A157F7BD8}.Release|Any CPU.Build.0 = Release|Any CPU
		{0296B16D-FD94-4764-B403-A74A157F7BD8}.Release|Mixed Platforms.ActiveCfg = Release|Any CPU
		{0296B16D-FD94-4764-B403-A74A157F7BD8}.Release|Mixed Platforms.Build.0 = Release|Any CPU
		{0296B16D-FD94-4764-B403-A74A157F7BD8}.Release|x86.ActiveCfg = Release|Any CPU
		{A16C4DB4-50A5-47AB-8565-B5C6157EB1EA}.Debug|Any CPU.ActiveCfg = Debug|Any CPU
		{A16C4DB4-50A5-47AB-8565-B5C6157EB1EA}.Debug|Any CPU.Build.0 = Debug|Any CPU
		{A16C4DB4-50A5-47AB-8565-B5C6157EB1EA}.Debug|Any CPU.Deploy.0 = Debug|Any CPU
		{A16C4DB4-50A5-47AB-8565-B5C6157EB1EA}.Debug|Mixed Platforms.ActiveCfg = Debug|Any CPU
		{A16C4DB4-50A5-47AB-8565-B5C6157EB1EA}.Debug|Mixed Platforms.Build.0 = Debug|Any CPU
		{A16C4DB4-50A5-47AB-8565-B5C6157EB1EA}.Debug|Mixed Platforms.Deploy.0 = Debug|Any CPU
		{A16C4DB4-50A5-47AB-8565-B5C6157EB1EA}.Debug|x86.ActiveCfg = Debug|Any CPU
		{A16C4DB4-50A5-47AB-8565-B5C6157EB1EA}.Release|Any CPU.ActiveCfg = Release|Any CPU
		{A16C4DB4-50A5-47AB-8565-B5C6157EB1EA}.Release|Any CPU.Build.0 = Release|Any CPU
		{A16C4DB4-50A5-47AB-8565-B5C6157EB1EA}.Release|Any CPU.Deploy.0 = Release|Any CPU
		{A16C4DB4-50A5-47AB-8565-B5C6157EB1EA}.Release|Mixed Platforms.ActiveCfg = Release|Any CPU
		{A16C4DB4-50A5-47AB-8565-B5C6157EB1EA}.Release|Mixed Platforms.Build.0 = Release|Any CPU
		{A16C4DB4-50A5-47AB-8565-B5C6157EB1EA}.Release|Mixed Platforms.Deploy.0 = Release|Any CPU
		{A16C4DB4-50A5-47AB-8565-B5C6157EB1EA}.Release|x86.ActiveCfg = Release|Any CPU
		{C6299413-EC6C-4C05-8533-0B141EC0A74F}.Debug|Any CPU.ActiveCfg = Debug|Any CPU
		{C6299413-EC6C-4C05-8533-0B141EC0A74F}.Debug|Any CPU.Build.0 = Debug|Any CPU
		{C6299413-EC6C-4C05-8533-0B141EC0A74F}.Debug|Mixed Platforms.ActiveCfg = Debug|Any CPU
		{C6299413-EC6C-4C05-8533-0B141EC0A74F}.Debug|Mixed Platforms.Build.0 = Debug|Any CPU
		{C6299413-EC6C-4C05-8533-0B141EC0A74F}.Debug|x86.ActiveCfg = Debug|Any CPU
		{C6299413-EC6C-4C05-8533-0B141EC0A74F}.Release|Any CPU.ActiveCfg = Release|Any CPU
		{C6299413-EC6C-4C05-8533-0B141EC0A74F}.Release|Any CPU.Build.0 = Release|Any CPU
		{C6299413-EC6C-4C05-8533-0B141EC0A74F}.Release|Mixed Platforms.ActiveCfg = Release|Any CPU
		{C6299413-EC6C-4C05-8533-0B141EC0A74F}.Release|Mixed Platforms.Build.0 = Release|Any CPU
		{C6299413-EC6C-4C05-8533-0B141EC0A74F}.Release|x86.ActiveCfg = Release|Any CPU
		{50E04FEC-5472-4D43-B473-DEE4DBAF89B8}.Debug|Any CPU.ActiveCfg = Debug|Any CPU
		{50E04FEC-5472-4D43-B473-DEE4DBAF89B8}.Debug|Any CPU.Build.0 = Debug|Any CPU
		{50E04FEC-5472-4D43-B473-DEE4DBAF89B8}.Debug|Mixed Platforms.ActiveCfg = Debug|Any CPU
		{50E04FEC-5472-4D43-B473-DEE4DBAF89B8}.Debug|Mixed Platforms.Build.0 = Debug|Any CPU
		{50E04FEC-5472-4D43-B473-DEE4DBAF89B8}.Debug|x86.ActiveCfg = Debug|Any CPU
		{50E04FEC-5472-4D43-B473-DEE4DBAF89B8}.Release|Any CPU.ActiveCfg = Release|Any CPU
		{50E04FEC-5472-4D43-B473-DEE4DBAF89B8}.Release|Any CPU.Build.0 = Release|Any CPU
		{50E04FEC-5472-4D43-B473-DEE4DBAF89B8}.Release|Mixed Platforms.ActiveCfg = Release|Any CPU
		{50E04FEC-5472-4D43-B473-DEE4DBAF89B8}.Release|Mixed Platforms.Build.0 = Release|Any CPU
		{50E04FEC-5472-4D43-B473-DEE4DBAF89B8}.Release|x86.ActiveCfg = Release|Any CPU
		{906EF33B-3A96-4EAA-91CF-53516DE088F1}.Debug|Any CPU.ActiveCfg = Debug|Any CPU
		{906EF33B-3A96-4EAA-91CF-53516DE088F1}.Debug|Any CPU.Build.0 = Debug|Any CPU
		{906EF33B-3A96-4EAA-91CF-53516DE088F1}.Debug|Mixed Platforms.ActiveCfg = Debug|Any CPU
		{906EF33B-3A96-4EAA-91CF-53516DE088F1}.Debug|Mixed Platforms.Build.0 = Debug|Any CPU
		{906EF33B-3A96-4EAA-91CF-53516DE088F1}.Debug|x86.ActiveCfg = Debug|Any CPU
		{906EF33B-3A96-4EAA-91CF-53516DE088F1}.Release|Any CPU.ActiveCfg = Release|Any CPU
		{906EF33B-3A96-4EAA-91CF-53516DE088F1}.Release|Any CPU.Build.0 = Release|Any CPU
		{906EF33B-3A96-4EAA-91CF-53516DE088F1}.Release|Mixed Platforms.ActiveCfg = Release|Any CPU
		{906EF33B-3A96-4EAA-91CF-53516DE088F1}.Release|Mixed Platforms.Build.0 = Release|Any CPU
		{906EF33B-3A96-4EAA-91CF-53516DE088F1}.Release|x86.ActiveCfg = Release|Any CPU
		{BBDFA04A-8734-422D-8F59-9D501036E2F6}.Debug|Any CPU.ActiveCfg = Debug|Any CPU
		{BBDFA04A-8734-422D-8F59-9D501036E2F6}.Debug|Any CPU.Build.0 = Debug|Any CPU
		{BBDFA04A-8734-422D-8F59-9D501036E2F6}.Debug|Mixed Platforms.ActiveCfg = Debug|Any CPU
		{BBDFA04A-8734-422D-8F59-9D501036E2F6}.Debug|Mixed Platforms.Build.0 = Debug|Any CPU
		{BBDFA04A-8734-422D-8F59-9D501036E2F6}.Debug|x86.ActiveCfg = Debug|Any CPU
		{BBDFA04A-8734-422D-8F59-9D501036E2F6}.Release|Any CPU.ActiveCfg = Release|Any CPU
		{BBDFA04A-8734-422D-8F59-9D501036E2F6}.Release|Any CPU.Build.0 = Release|Any CPU
		{BBDFA04A-8734-422D-8F59-9D501036E2F6}.Release|Mixed Platforms.ActiveCfg = Release|Any CPU
		{BBDFA04A-8734-422D-8F59-9D501036E2F6}.Release|Mixed Platforms.Build.0 = Release|Any CPU
		{BBDFA04A-8734-422D-8F59-9D501036E2F6}.Release|x86.ActiveCfg = Release|Any CPU
		{F8894035-FB81-4ED6-8226-9F9C79466628}.Debug|Any CPU.ActiveCfg = Debug|Any CPU
		{F8894035-FB81-4ED6-8226-9F9C79466628}.Debug|Any CPU.Build.0 = Debug|Any CPU
		{F8894035-FB81-4ED6-8226-9F9C79466628}.Debug|Mixed Platforms.ActiveCfg = Debug|Any CPU
		{F8894035-FB81-4ED6-8226-9F9C79466628}.Debug|Mixed Platforms.Build.0 = Debug|Any CPU
		{F8894035-FB81-4ED6-8226-9F9C79466628}.Debug|x86.ActiveCfg = Debug|Any CPU
		{F8894035-FB81-4ED6-8226-9F9C79466628}.Release|Any CPU.ActiveCfg = Release|Any CPU
		{F8894035-FB81-4ED6-8226-9F9C79466628}.Release|Any CPU.Build.0 = Release|Any CPU
		{F8894035-FB81-4ED6-8226-9F9C79466628}.Release|Mixed Platforms.ActiveCfg = Release|Any CPU
		{F8894035-FB81-4ED6-8226-9F9C79466628}.Release|Mixed Platforms.Build.0 = Release|Any CPU
		{F8894035-FB81-4ED6-8226-9F9C79466628}.Release|x86.ActiveCfg = Release|Any CPU
		{1FA4492A-829D-4CD6-86E0-D224AB19377E}.Debug|Any CPU.ActiveCfg = Debug|Any CPU
		{1FA4492A-829D-4CD6-86E0-D224AB19377E}.Debug|Any CPU.Build.0 = Debug|Any CPU
		{1FA4492A-829D-4CD6-86E0-D224AB19377E}.Debug|Mixed Platforms.ActiveCfg = Debug|Any CPU
		{1FA4492A-829D-4CD6-86E0-D224AB19377E}.Debug|Mixed Platforms.Build.0 = Debug|Any CPU
		{1FA4492A-829D-4CD6-86E0-D224AB19377E}.Debug|x86.ActiveCfg = Debug|Any CPU
		{1FA4492A-829D-4CD6-86E0-D224AB19377E}.Release|Any CPU.ActiveCfg = Release|Any CPU
		{1FA4492A-829D-4CD6-86E0-D224AB19377E}.Release|Any CPU.Build.0 = Release|Any CPU
		{1FA4492A-829D-4CD6-86E0-D224AB19377E}.Release|Mixed Platforms.ActiveCfg = Release|Any CPU
		{1FA4492A-829D-4CD6-86E0-D224AB19377E}.Release|Mixed Platforms.Build.0 = Release|Any CPU
		{1FA4492A-829D-4CD6-86E0-D224AB19377E}.Release|x86.ActiveCfg = Release|Any CPU
	EndGlobalSection
	GlobalSection(SolutionProperties) = preSolution
		HideSolutionNode = FALSE
	EndGlobalSection
	GlobalSection(NestedProjects) = preSolution
		{74D4FD08-05D0-430A-BE08-F4DA1BE0A71B} = {592AA479-AD7F-476B-AEF8-2B0268EA3BD8}
		{1D98A326-401B-4A99-97EA-2FF3697C266F} = {592AA479-AD7F-476B-AEF8-2B0268EA3BD8}
		{0296B16D-FD94-4764-B403-A74A157F7BD8} = {592AA479-AD7F-476B-AEF8-2B0268EA3BD8}
		{C6299413-EC6C-4C05-8533-0B141EC0A74F} = {592AA479-AD7F-476B-AEF8-2B0268EA3BD8}
		{1FA4492A-829D-4CD6-86E0-D224AB19377E} = {592AA479-AD7F-476B-AEF8-2B0268EA3BD8}
		{9B3C2CF3-0AFD-4FB8-BAB1-2B7931C2AF18} = {6B13388E-F781-4F55-AF8B-2E991EA59DB8}
		{6A3C066B-46A4-4928-80B4-89C32D651277} = {6B13388E-F781-4F55-AF8B-2E991EA59DB8}
		{5894EB9D-270B-41E4-B57A-4F3A48062D20} = {6356D836-36AA-4CD9-8EB2-BF037115D329}
		{1727E152-CA8D-4011-83FC-4E908711938F} = {6356D836-36AA-4CD9-8EB2-BF037115D329}
		{A16C4DB4-50A5-47AB-8565-B5C6157EB1EA} = {6356D836-36AA-4CD9-8EB2-BF037115D329}
		{50E04FEC-5472-4D43-B473-DEE4DBAF89B8} = {67A413A0-BD1C-442D-A941-DBE382A3311C}
		{906EF33B-3A96-4EAA-91CF-53516DE088F1} = {67A413A0-BD1C-442D-A941-DBE382A3311C}
		{BBDFA04A-8734-422D-8F59-9D501036E2F6} = {67A413A0-BD1C-442D-A941-DBE382A3311C}
		{F8894035-FB81-4ED6-8226-9F9C79466628} = {67A413A0-BD1C-442D-A941-DBE382A3311C}
	EndGlobalSection
	GlobalSection(ExtensibilityGlobals) = postSolution
		BuildVersion_AssemblyInfoFilename = Source\NET40\Properties\CommonAssemblyInfo.cs
		BuildVersion_UseGlobalSettings = True
	EndGlobalSection
EndGlobal
