
Microsoft Visual Studio Solution File, Format Version 12.00
# Visual Studio 15
VisualStudioVersion = 15.0.27130.2010
MinimumVisualStudioVersion = 10.0.40219.1
Project("{2150E333-8FDC-42A3-9474-1A3956D46DE8}") = "Source", "Source", "{592AA479-AD7F-476B-AEF8-2B0268EA3BD8}"
EndProject
Project("{2150E333-8FDC-42A3-9474-1A3956D46DE8}") = "Test", "Test", "{6B13388E-F781-4F55-AF8B-2E991EA59DB8}"
EndProject
Project("{2150E333-8FDC-42A3-9474-1A3956D46DE8}") = "Sample", "Sample", "{6356D836-36AA-4CD9-8EB2-BF037115D329}"
EndProject
Project("{2150E333-8FDC-42A3-9474-1A3956D46DE8}") = "Solution Items", "Solution Items", "{6EA82B8C-E3AE-4CEF-8666-DD67FEBDE192}"
	ProjectSection(SolutionItems) = preProject
		LICENSE.txt = LICENSE.txt
		Local.testsettings = Local.testsettings
		ReactiveProperty.vsmdi = ReactiveProperty.vsmdi
		README.md = README.md
		ReleaseNote-ja.md = ReleaseNote-ja.md
		ReleaseNote.md = ReleaseNote.md
		TraceAndTestImpact.testsettings = TraceAndTestImpact.testsettings
	EndProjectSection
EndProject
Project("{2150E333-8FDC-42A3-9474-1A3956D46DE8}") = "Snippet", "Snippet", "{9F7EFC36-593F-4521-B678-41B00A6642B1}"
EndProject
Project("{2150E333-8FDC-42A3-9474-1A3956D46DE8}") = "BuildTools", "BuildTools", "{217A0F6B-BDE7-4D6A-BF3D-8B273FB2AA69}"
	ProjectSection(SolutionItems) = preProject
		BuildTools\NuGet.exe = BuildTools\NuGet.exe
		BuildTools\pack.bat = BuildTools\pack.bat
		BuildTools\push.bat = BuildTools\push.bat
		BuildTools\ReactiveProperty.nuspec = BuildTools\ReactiveProperty.nuspec
	EndProjectSection
EndProject
Project("{FAE04EC0-301F-11D3-BF4B-00C04F79EFBC}") = "WPF", "Sample\WPF\WPF.csproj", "{5894EB9D-270B-41E4-B57A-4F3A48062D20}"
EndProject
Project("{FAE04EC0-301F-11D3-BF4B-00C04F79EFBC}") = "ReactiveProperty.Tests", "Test\ReactiveProperty.Tests\ReactiveProperty.Tests.csproj", "{9B3C2CF3-0AFD-4FB8-BAB1-2B7931C2AF18}"
EndProject
Project("{FAE04EC0-301F-11D3-BF4B-00C04F79EFBC}") = "Sample.ViewModels", "Sample\Sample.ViewModels\Sample.ViewModels.csproj", "{4AA39C19-6571-4A9F-8722-2D7240D425D1}"
	ProjectSection(ProjectDependencies) = postProject
		{157F0F88-34AC-4C49-971F-7027AAC757AE} = {157F0F88-34AC-4C49-971F-7027AAC757AE}
	EndProjectSection
EndProject
Project("{2150E333-8FDC-42A3-9474-1A3956D46DE8}") = "Images", "Images", "{97EC2EDF-8B92-4DB1-B2D7-09E4124B9DE0}"
	ProjectSection(SolutionItems) = preProject
		Images\delay.png = Images\delay.png
		Images\error1.png = Images\error1.png
		Images\error2.png = Images\error2.png
		Images\interval.png = Images\interval.png
		Images\reactivecommand1.png = Images\reactivecommand1.png
		Images\reactivecommand2.png = Images\reactivecommand2.png
		Images\rpsummary.png = Images\rpsummary.png
		Images\synchronize.png = Images\synchronize.png
		Images\todomvvm.png = Images\todomvvm.png
		Images\xf-howtouserp-createproject-en.png = Images\xf-howtouserp-createproject-en.png
		Images\xf-howtouserp-createproject.png = Images\xf-howtouserp-createproject.png
	EndProjectSection
EndProject
Project("{FAE04EC0-301F-11D3-BF4B-00C04F79EFBC}") = "ReactiveProperty.Platform.Android", "Source\ReactiveProperty.Platform.Android\ReactiveProperty.Platform.Android.csproj", "{ABF4F434-E274-4980-B1D1-AADCF75685A0}"
EndProject
Project("{FAE04EC0-301F-11D3-BF4B-00C04F79EFBC}") = "XamarinAndroid", "Sample\XamarinAndroid\XamarinAndroid.csproj", "{73FB08B3-EBF3-4384-A1FB-4442BD999477}"
EndProject
Project("{2150E333-8FDC-42A3-9474-1A3956D46DE8}") = "csharp5", "csharp5", "{B087D3DF-7BED-4296-8A2F-CCE3324CC45B}"
	ProjectSection(SolutionItems) = preProject
		Snippet\csharp5\AsyncReactiveCommand.snippet = Snippet\csharp5\AsyncReactiveCommand.snippet
		Snippet\csharp5\AsyncReactiveCommandGeneric.snippet = Snippet\csharp5\AsyncReactiveCommandGeneric.snippet
		Snippet\csharp5\ReactiveCollection.snippet = Snippet\csharp5\ReactiveCollection.snippet
		Snippet\csharp5\ReactiveCommand.snippet = Snippet\csharp5\ReactiveCommand.snippet
		Snippet\csharp5\ReactiveCommandGeneric.snippet = Snippet\csharp5\ReactiveCommandGeneric.snippet
		Snippet\csharp5\ReactiveProperty.snippet = Snippet\csharp5\ReactiveProperty.snippet
		Snippet\csharp5\ReadOnlyReactiveCollection.snippet = Snippet\csharp5\ReadOnlyReactiveCollection.snippet
		Snippet\csharp5\ReadOnlyReactiveProperty.snippet = Snippet\csharp5\ReadOnlyReactiveProperty.snippet
	EndProjectSection
EndProject
Project("{2150E333-8FDC-42A3-9474-1A3956D46DE8}") = "csharp6", "csharp6", "{66249041-95E4-4DAE-AC93-3475EBE60AF0}"
	ProjectSection(SolutionItems) = preProject
		Snippet\csharp6\AsyncReactiveCommand.snippet = Snippet\csharp6\AsyncReactiveCommand.snippet
		Snippet\csharp6\AsyncReactiveCommandGeneric.snippet = Snippet\csharp6\AsyncReactiveCommandGeneric.snippet
		Snippet\csharp6\ReactiveCollection.snippet = Snippet\csharp6\ReactiveCollection.snippet
		Snippet\csharp6\ReactiveCommand.snippet = Snippet\csharp6\ReactiveCommand.snippet
		Snippet\csharp6\ReactiveCommandGeneric.snippet = Snippet\csharp6\ReactiveCommandGeneric.snippet
		Snippet\csharp6\ReactiveProperty.snippet = Snippet\csharp6\ReactiveProperty.snippet
		Snippet\csharp6\ReadOnlyReactiveCollection.snippet = Snippet\csharp6\ReadOnlyReactiveCollection.snippet
		Snippet\csharp6\ReadOnlyReactiveProperty.snippet = Snippet\csharp6\ReadOnlyReactiveProperty.snippet
	EndProjectSection
EndProject
Project("{FAE04EC0-301F-11D3-BF4B-00C04F79EFBC}") = "UWP", "Sample\UWP\UWP.csproj", "{1A284C37-BA3F-4B28-B800-7C3137E3365E}"
EndProject
Project("{FAE04EC0-301F-11D3-BF4B-00C04F79EFBC}") = "UWP.TodoMVVM", "Sample\UWP.TodoMVVM\UWP.TodoMVVM.csproj", "{40AE1FF3-8B25-4659-8B0A-7886113E4246}"
EndProject
Project("{FAE04EC0-301F-11D3-BF4B-00C04F79EFBC}") = "ReactiveProperty.Platform.NET46", "Source\ReactiveProperty.Platform.NET46\ReactiveProperty.Platform.NET46.csproj", "{883C5447-2778-43E4-8CDE-6A594B342ACD}"
	ProjectSection(ProjectDependencies) = postProject
		{157F0F88-34AC-4C49-971F-7027AAC757AE} = {157F0F88-34AC-4C49-971F-7027AAC757AE}
	EndProjectSection
EndProject
Project("{FAE04EC0-301F-11D3-BF4B-00C04F79EFBC}") = "ReactiveProperty.Platform.UWP", "Source\ReactiveProperty.Platform.UWP\ReactiveProperty.Platform.UWP.csproj", "{CD8F2562-E3A0-4F6D-8285-70349597ADBC}"
EndProject
Project("{FAE04EC0-301F-11D3-BF4B-00C04F79EFBC}") = "ReactiveProperty.Platform.iOS", "Source\ReactiveProperty.Platform.iOS\ReactiveProperty.Platform.iOS.csproj", "{A54AE997-6255-4000-A4CE-3F8D6D8F0026}"
	ProjectSection(ProjectDependencies) = postProject
		{157F0F88-34AC-4C49-971F-7027AAC757AE} = {157F0F88-34AC-4C49-971F-7027AAC757AE}
	EndProjectSection
EndProject
Project("{D954291E-2A0B-460D-934E-DC6B0785DB48}") = "ReactiveProperty.Platform.Shared", "Source\ReactiveProperty.Platform.Shared\ReactiveProperty.Platform.Shared.shproj", "{523E5506-24DF-44CA-83CC-6AA02454F150}"
EndProject
Project("{9A19103F-16F7-4668-BE54-9A1E7A4F7556}") = "ReactiveProperty.NETStandard", "Source\ReactiveProperty.NETStandard\ReactiveProperty.NETStandard.csproj", "{157F0F88-34AC-4C49-971F-7027AAC757AE}"
EndProject
Global
	GlobalSection(SharedMSBuildProjectFiles) = preSolution
		Source\ReactiveProperty.Platform.Shared\ReactiveProperty.Platform.Shared.projitems*{523e5506-24df-44ca-83cc-6aa02454f150}*SharedItemsImports = 13
		Source\ReactiveProperty.Platform.Shared\ReactiveProperty.Platform.Shared.projitems*{883c5447-2778-43e4-8cde-6a594b342acd}*SharedItemsImports = 4
		Source\ReactiveProperty.Platform.Shared\ReactiveProperty.Platform.Shared.projitems*{cd8f2562-e3a0-4f6d-8285-70349597adbc}*SharedItemsImports = 4
	EndGlobalSection
	GlobalSection(SolutionConfigurationPlatforms) = preSolution
		Debug|Any CPU = Debug|Any CPU
		Debug|ARM = Debug|ARM
		Debug|Mixed Platforms = Debug|Mixed Platforms
		Debug|x64 = Debug|x64
		Debug|x86 = Debug|x86
		Documentation|Any CPU = Documentation|Any CPU
		Documentation|ARM = Documentation|ARM
		Documentation|Mixed Platforms = Documentation|Mixed Platforms
		Documentation|x64 = Documentation|x64
		Documentation|x86 = Documentation|x86
		Release|Any CPU = Release|Any CPU
		Release|ARM = Release|ARM
		Release|Mixed Platforms = Release|Mixed Platforms
		Release|x64 = Release|x64
		Release|x86 = Release|x86
	EndGlobalSection
	GlobalSection(ProjectConfigurationPlatforms) = postSolution
		{5894EB9D-270B-41E4-B57A-4F3A48062D20}.Debug|Any CPU.ActiveCfg = Debug|x86
		{5894EB9D-270B-41E4-B57A-4F3A48062D20}.Debug|Any CPU.Build.0 = Debug|x86
		{5894EB9D-270B-41E4-B57A-4F3A48062D20}.Debug|ARM.ActiveCfg = Debug|x86
		{5894EB9D-270B-41E4-B57A-4F3A48062D20}.Debug|Mixed Platforms.ActiveCfg = Debug|x86
		{5894EB9D-270B-41E4-B57A-4F3A48062D20}.Debug|Mixed Platforms.Build.0 = Debug|x86
		{5894EB9D-270B-41E4-B57A-4F3A48062D20}.Debug|x64.ActiveCfg = Debug|x86
		{5894EB9D-270B-41E4-B57A-4F3A48062D20}.Debug|x86.ActiveCfg = Debug|x86
		{5894EB9D-270B-41E4-B57A-4F3A48062D20}.Debug|x86.Build.0 = Debug|x86
		{5894EB9D-270B-41E4-B57A-4F3A48062D20}.Documentation|Any CPU.ActiveCfg = Documentation|x86
		{5894EB9D-270B-41E4-B57A-4F3A48062D20}.Documentation|ARM.ActiveCfg = Documentation|x86
		{5894EB9D-270B-41E4-B57A-4F3A48062D20}.Documentation|Mixed Platforms.ActiveCfg = Release|x86
		{5894EB9D-270B-41E4-B57A-4F3A48062D20}.Documentation|Mixed Platforms.Build.0 = Release|x86
		{5894EB9D-270B-41E4-B57A-4F3A48062D20}.Documentation|x64.ActiveCfg = Documentation|x86
		{5894EB9D-270B-41E4-B57A-4F3A48062D20}.Documentation|x86.ActiveCfg = Documentation|x86
		{5894EB9D-270B-41E4-B57A-4F3A48062D20}.Documentation|x86.Build.0 = Documentation|x86
		{5894EB9D-270B-41E4-B57A-4F3A48062D20}.Release|Any CPU.ActiveCfg = Release|x86
		{5894EB9D-270B-41E4-B57A-4F3A48062D20}.Release|Any CPU.Build.0 = Release|x86
		{5894EB9D-270B-41E4-B57A-4F3A48062D20}.Release|ARM.ActiveCfg = Release|x86
		{5894EB9D-270B-41E4-B57A-4F3A48062D20}.Release|Mixed Platforms.ActiveCfg = Release|x86
		{5894EB9D-270B-41E4-B57A-4F3A48062D20}.Release|Mixed Platforms.Build.0 = Release|x86
		{5894EB9D-270B-41E4-B57A-4F3A48062D20}.Release|x64.ActiveCfg = Release|x86
		{5894EB9D-270B-41E4-B57A-4F3A48062D20}.Release|x86.ActiveCfg = Release|x86
		{9B3C2CF3-0AFD-4FB8-BAB1-2B7931C2AF18}.Debug|Any CPU.ActiveCfg = Debug|Any CPU
		{9B3C2CF3-0AFD-4FB8-BAB1-2B7931C2AF18}.Debug|Any CPU.Build.0 = Debug|Any CPU
		{9B3C2CF3-0AFD-4FB8-BAB1-2B7931C2AF18}.Debug|ARM.ActiveCfg = Debug|Any CPU
		{9B3C2CF3-0AFD-4FB8-BAB1-2B7931C2AF18}.Debug|Mixed Platforms.ActiveCfg = Debug|Any CPU
		{9B3C2CF3-0AFD-4FB8-BAB1-2B7931C2AF18}.Debug|Mixed Platforms.Build.0 = Debug|Any CPU
		{9B3C2CF3-0AFD-4FB8-BAB1-2B7931C2AF18}.Debug|x64.ActiveCfg = Debug|Any CPU
		{9B3C2CF3-0AFD-4FB8-BAB1-2B7931C2AF18}.Debug|x86.ActiveCfg = Debug|Any CPU
		{9B3C2CF3-0AFD-4FB8-BAB1-2B7931C2AF18}.Debug|x86.Build.0 = Debug|Any CPU
		{9B3C2CF3-0AFD-4FB8-BAB1-2B7931C2AF18}.Documentation|Any CPU.ActiveCfg = Documentation|Any CPU
		{9B3C2CF3-0AFD-4FB8-BAB1-2B7931C2AF18}.Documentation|ARM.ActiveCfg = Documentation|Any CPU
		{9B3C2CF3-0AFD-4FB8-BAB1-2B7931C2AF18}.Documentation|ARM.Build.0 = Documentation|Any CPU
		{9B3C2CF3-0AFD-4FB8-BAB1-2B7931C2AF18}.Documentation|Mixed Platforms.ActiveCfg = Release|Any CPU
		{9B3C2CF3-0AFD-4FB8-BAB1-2B7931C2AF18}.Documentation|Mixed Platforms.Build.0 = Release|Any CPU
		{9B3C2CF3-0AFD-4FB8-BAB1-2B7931C2AF18}.Documentation|x64.ActiveCfg = Documentation|Any CPU
		{9B3C2CF3-0AFD-4FB8-BAB1-2B7931C2AF18}.Documentation|x64.Build.0 = Documentation|Any CPU
		{9B3C2CF3-0AFD-4FB8-BAB1-2B7931C2AF18}.Documentation|x86.ActiveCfg = Documentation|Any CPU
		{9B3C2CF3-0AFD-4FB8-BAB1-2B7931C2AF18}.Documentation|x86.Build.0 = Documentation|Any CPU
		{9B3C2CF3-0AFD-4FB8-BAB1-2B7931C2AF18}.Release|Any CPU.ActiveCfg = Release|Any CPU
		{9B3C2CF3-0AFD-4FB8-BAB1-2B7931C2AF18}.Release|Any CPU.Build.0 = Release|Any CPU
		{9B3C2CF3-0AFD-4FB8-BAB1-2B7931C2AF18}.Release|ARM.ActiveCfg = Release|Any CPU
		{9B3C2CF3-0AFD-4FB8-BAB1-2B7931C2AF18}.Release|Mixed Platforms.ActiveCfg = Release|Any CPU
		{9B3C2CF3-0AFD-4FB8-BAB1-2B7931C2AF18}.Release|Mixed Platforms.Build.0 = Release|Any CPU
		{9B3C2CF3-0AFD-4FB8-BAB1-2B7931C2AF18}.Release|x64.ActiveCfg = Release|Any CPU
		{9B3C2CF3-0AFD-4FB8-BAB1-2B7931C2AF18}.Release|x86.ActiveCfg = Release|Any CPU
		{9B3C2CF3-0AFD-4FB8-BAB1-2B7931C2AF18}.Release|x86.Build.0 = Release|Any CPU
		{4AA39C19-6571-4A9F-8722-2D7240D425D1}.Debug|Any CPU.ActiveCfg = Debug|Any CPU
		{4AA39C19-6571-4A9F-8722-2D7240D425D1}.Debug|Any CPU.Build.0 = Debug|Any CPU
		{4AA39C19-6571-4A9F-8722-2D7240D425D1}.Debug|ARM.ActiveCfg = Debug|Any CPU
		{4AA39C19-6571-4A9F-8722-2D7240D425D1}.Debug|Mixed Platforms.ActiveCfg = Debug|Any CPU
		{4AA39C19-6571-4A9F-8722-2D7240D425D1}.Debug|Mixed Platforms.Build.0 = Debug|Any CPU
		{4AA39C19-6571-4A9F-8722-2D7240D425D1}.Debug|x64.ActiveCfg = Debug|Any CPU
		{4AA39C19-6571-4A9F-8722-2D7240D425D1}.Debug|x86.ActiveCfg = Debug|Any CPU
		{4AA39C19-6571-4A9F-8722-2D7240D425D1}.Debug|x86.Build.0 = Debug|Any CPU
		{4AA39C19-6571-4A9F-8722-2D7240D425D1}.Documentation|Any CPU.ActiveCfg = Debug|Any CPU
		{4AA39C19-6571-4A9F-8722-2D7240D425D1}.Documentation|Any CPU.Build.0 = Debug|Any CPU
		{4AA39C19-6571-4A9F-8722-2D7240D425D1}.Documentation|ARM.ActiveCfg = Debug|Any CPU
		{4AA39C19-6571-4A9F-8722-2D7240D425D1}.Documentation|ARM.Build.0 = Debug|Any CPU
		{4AA39C19-6571-4A9F-8722-2D7240D425D1}.Documentation|Mixed Platforms.ActiveCfg = Release|Any CPU
		{4AA39C19-6571-4A9F-8722-2D7240D425D1}.Documentation|Mixed Platforms.Build.0 = Release|Any CPU
		{4AA39C19-6571-4A9F-8722-2D7240D425D1}.Documentation|x64.ActiveCfg = Debug|Any CPU
		{4AA39C19-6571-4A9F-8722-2D7240D425D1}.Documentation|x64.Build.0 = Debug|Any CPU
		{4AA39C19-6571-4A9F-8722-2D7240D425D1}.Documentation|x86.ActiveCfg = Debug|Any CPU
		{4AA39C19-6571-4A9F-8722-2D7240D425D1}.Documentation|x86.Build.0 = Debug|Any CPU
		{4AA39C19-6571-4A9F-8722-2D7240D425D1}.Release|Any CPU.ActiveCfg = Release|Any CPU
		{4AA39C19-6571-4A9F-8722-2D7240D425D1}.Release|Any CPU.Build.0 = Release|Any CPU
		{4AA39C19-6571-4A9F-8722-2D7240D425D1}.Release|ARM.ActiveCfg = Release|Any CPU
		{4AA39C19-6571-4A9F-8722-2D7240D425D1}.Release|Mixed Platforms.ActiveCfg = Release|Any CPU
		{4AA39C19-6571-4A9F-8722-2D7240D425D1}.Release|Mixed Platforms.Build.0 = Release|Any CPU
		{4AA39C19-6571-4A9F-8722-2D7240D425D1}.Release|x64.ActiveCfg = Release|Any CPU
		{4AA39C19-6571-4A9F-8722-2D7240D425D1}.Release|x86.ActiveCfg = Release|Any CPU
		{ABF4F434-E274-4980-B1D1-AADCF75685A0}.Debug|Any CPU.ActiveCfg = Debug|Any CPU
		{ABF4F434-E274-4980-B1D1-AADCF75685A0}.Debug|Any CPU.Build.0 = Debug|Any CPU
		{ABF4F434-E274-4980-B1D1-AADCF75685A0}.Debug|ARM.ActiveCfg = Debug|Any CPU
		{ABF4F434-E274-4980-B1D1-AADCF75685A0}.Debug|Mixed Platforms.ActiveCfg = Debug|Any CPU
		{ABF4F434-E274-4980-B1D1-AADCF75685A0}.Debug|Mixed Platforms.Build.0 = Debug|Any CPU
		{ABF4F434-E274-4980-B1D1-AADCF75685A0}.Debug|x64.ActiveCfg = Debug|Any CPU
		{ABF4F434-E274-4980-B1D1-AADCF75685A0}.Debug|x86.ActiveCfg = Debug|Any CPU
		{ABF4F434-E274-4980-B1D1-AADCF75685A0}.Debug|x86.Build.0 = Debug|Any CPU
		{ABF4F434-E274-4980-B1D1-AADCF75685A0}.Documentation|Any CPU.ActiveCfg = Documentation|Any CPU
		{ABF4F434-E274-4980-B1D1-AADCF75685A0}.Documentation|ARM.ActiveCfg = Documentation|Any CPU
		{ABF4F434-E274-4980-B1D1-AADCF75685A0}.Documentation|ARM.Build.0 = Documentation|Any CPU
		{ABF4F434-E274-4980-B1D1-AADCF75685A0}.Documentation|Mixed Platforms.ActiveCfg = Release|Any CPU
		{ABF4F434-E274-4980-B1D1-AADCF75685A0}.Documentation|Mixed Platforms.Build.0 = Release|Any CPU
		{ABF4F434-E274-4980-B1D1-AADCF75685A0}.Documentation|x64.ActiveCfg = Documentation|Any CPU
		{ABF4F434-E274-4980-B1D1-AADCF75685A0}.Documentation|x64.Build.0 = Documentation|Any CPU
		{ABF4F434-E274-4980-B1D1-AADCF75685A0}.Documentation|x86.ActiveCfg = Documentation|Any CPU
		{ABF4F434-E274-4980-B1D1-AADCF75685A0}.Documentation|x86.Build.0 = Documentation|Any CPU
		{ABF4F434-E274-4980-B1D1-AADCF75685A0}.Release|Any CPU.ActiveCfg = Release|Any CPU
		{ABF4F434-E274-4980-B1D1-AADCF75685A0}.Release|Any CPU.Build.0 = Release|Any CPU
		{ABF4F434-E274-4980-B1D1-AADCF75685A0}.Release|ARM.ActiveCfg = Release|Any CPU
		{ABF4F434-E274-4980-B1D1-AADCF75685A0}.Release|Mixed Platforms.ActiveCfg = Release|Any CPU
		{ABF4F434-E274-4980-B1D1-AADCF75685A0}.Release|Mixed Platforms.Build.0 = Release|Any CPU
		{ABF4F434-E274-4980-B1D1-AADCF75685A0}.Release|x64.ActiveCfg = Release|Any CPU
		{ABF4F434-E274-4980-B1D1-AADCF75685A0}.Release|x86.ActiveCfg = Release|Any CPU
		{ABF4F434-E274-4980-B1D1-AADCF75685A0}.Release|x86.Build.0 = Release|Any CPU
		{73FB08B3-EBF3-4384-A1FB-4442BD999477}.Debug|Any CPU.ActiveCfg = Debug|Any CPU
		{73FB08B3-EBF3-4384-A1FB-4442BD999477}.Debug|Any CPU.Deploy.0 = Debug|Any CPU
		{73FB08B3-EBF3-4384-A1FB-4442BD999477}.Debug|ARM.ActiveCfg = Debug|Any CPU
		{73FB08B3-EBF3-4384-A1FB-4442BD999477}.Debug|Mixed Platforms.ActiveCfg = Debug|Any CPU
		{73FB08B3-EBF3-4384-A1FB-4442BD999477}.Debug|Mixed Platforms.Deploy.0 = Debug|Any CPU
		{73FB08B3-EBF3-4384-A1FB-4442BD999477}.Debug|x64.ActiveCfg = Debug|Any CPU
		{73FB08B3-EBF3-4384-A1FB-4442BD999477}.Debug|x86.ActiveCfg = Debug|Any CPU
		{73FB08B3-EBF3-4384-A1FB-4442BD999477}.Debug|x86.Build.0 = Debug|Any CPU
		{73FB08B3-EBF3-4384-A1FB-4442BD999477}.Documentation|Any CPU.ActiveCfg = Documentation|Any CPU
		{73FB08B3-EBF3-4384-A1FB-4442BD999477}.Documentation|ARM.ActiveCfg = Documentation|Any CPU
		{73FB08B3-EBF3-4384-A1FB-4442BD999477}.Documentation|ARM.Build.0 = Documentation|Any CPU
		{73FB08B3-EBF3-4384-A1FB-4442BD999477}.Documentation|ARM.Deploy.0 = Documentation|Any CPU
		{73FB08B3-EBF3-4384-A1FB-4442BD999477}.Documentation|Mixed Platforms.ActiveCfg = Release|Any CPU
		{73FB08B3-EBF3-4384-A1FB-4442BD999477}.Documentation|Mixed Platforms.Deploy.0 = Release|Any CPU
		{73FB08B3-EBF3-4384-A1FB-4442BD999477}.Documentation|x64.ActiveCfg = Documentation|Any CPU
		{73FB08B3-EBF3-4384-A1FB-4442BD999477}.Documentation|x64.Build.0 = Documentation|Any CPU
		{73FB08B3-EBF3-4384-A1FB-4442BD999477}.Documentation|x64.Deploy.0 = Documentation|Any CPU
		{73FB08B3-EBF3-4384-A1FB-4442BD999477}.Documentation|x86.ActiveCfg = Documentation|Any CPU
		{73FB08B3-EBF3-4384-A1FB-4442BD999477}.Documentation|x86.Build.0 = Documentation|Any CPU
		{73FB08B3-EBF3-4384-A1FB-4442BD999477}.Documentation|x86.Deploy.0 = Documentation|Any CPU
		{73FB08B3-EBF3-4384-A1FB-4442BD999477}.Release|Any CPU.ActiveCfg = Release|Any CPU
		{73FB08B3-EBF3-4384-A1FB-4442BD999477}.Release|Any CPU.Deploy.0 = Release|Any CPU
		{73FB08B3-EBF3-4384-A1FB-4442BD999477}.Release|ARM.ActiveCfg = Release|Any CPU
		{73FB08B3-EBF3-4384-A1FB-4442BD999477}.Release|Mixed Platforms.ActiveCfg = Release|Any CPU
		{73FB08B3-EBF3-4384-A1FB-4442BD999477}.Release|Mixed Platforms.Deploy.0 = Release|Any CPU
		{73FB08B3-EBF3-4384-A1FB-4442BD999477}.Release|x64.ActiveCfg = Release|Any CPU
		{73FB08B3-EBF3-4384-A1FB-4442BD999477}.Release|x86.ActiveCfg = Release|Any CPU
		{1A284C37-BA3F-4B28-B800-7C3137E3365E}.Debug|Any CPU.ActiveCfg = Debug|x86
		{1A284C37-BA3F-4B28-B800-7C3137E3365E}.Debug|Any CPU.Build.0 = Debug|x86
		{1A284C37-BA3F-4B28-B800-7C3137E3365E}.Debug|ARM.ActiveCfg = Debug|ARM
		{1A284C37-BA3F-4B28-B800-7C3137E3365E}.Debug|ARM.Build.0 = Debug|ARM
		{1A284C37-BA3F-4B28-B800-7C3137E3365E}.Debug|ARM.Deploy.0 = Debug|ARM
		{1A284C37-BA3F-4B28-B800-7C3137E3365E}.Debug|Mixed Platforms.ActiveCfg = Debug|x86
		{1A284C37-BA3F-4B28-B800-7C3137E3365E}.Debug|Mixed Platforms.Deploy.0 = Debug|x86
		{1A284C37-BA3F-4B28-B800-7C3137E3365E}.Debug|x64.ActiveCfg = Debug|x64
		{1A284C37-BA3F-4B28-B800-7C3137E3365E}.Debug|x64.Build.0 = Debug|x64
		{1A284C37-BA3F-4B28-B800-7C3137E3365E}.Debug|x64.Deploy.0 = Debug|x64
		{1A284C37-BA3F-4B28-B800-7C3137E3365E}.Debug|x86.ActiveCfg = Debug|x86
		{1A284C37-BA3F-4B28-B800-7C3137E3365E}.Debug|x86.Build.0 = Debug|x86
		{1A284C37-BA3F-4B28-B800-7C3137E3365E}.Debug|x86.Deploy.0 = Debug|x86
		{1A284C37-BA3F-4B28-B800-7C3137E3365E}.Documentation|Any CPU.ActiveCfg = Documentation|x86
		{1A284C37-BA3F-4B28-B800-7C3137E3365E}.Documentation|ARM.ActiveCfg = Documentation|ARM
		{1A284C37-BA3F-4B28-B800-7C3137E3365E}.Documentation|ARM.Deploy.0 = Documentation|ARM
		{1A284C37-BA3F-4B28-B800-7C3137E3365E}.Documentation|Mixed Platforms.ActiveCfg = Release|x86
		{1A284C37-BA3F-4B28-B800-7C3137E3365E}.Documentation|Mixed Platforms.Deploy.0 = Release|x86
		{1A284C37-BA3F-4B28-B800-7C3137E3365E}.Documentation|x64.ActiveCfg = Documentation|x64
		{1A284C37-BA3F-4B28-B800-7C3137E3365E}.Documentation|x64.Deploy.0 = Documentation|x64
		{1A284C37-BA3F-4B28-B800-7C3137E3365E}.Documentation|x86.ActiveCfg = Documentation|x86
		{1A284C37-BA3F-4B28-B800-7C3137E3365E}.Documentation|x86.Deploy.0 = Documentation|x86
		{1A284C37-BA3F-4B28-B800-7C3137E3365E}.Release|Any CPU.ActiveCfg = Release|x86
		{1A284C37-BA3F-4B28-B800-7C3137E3365E}.Release|ARM.ActiveCfg = Release|ARM
		{1A284C37-BA3F-4B28-B800-7C3137E3365E}.Release|ARM.Build.0 = Release|ARM
		{1A284C37-BA3F-4B28-B800-7C3137E3365E}.Release|ARM.Deploy.0 = Release|ARM
		{1A284C37-BA3F-4B28-B800-7C3137E3365E}.Release|Mixed Platforms.ActiveCfg = Release|x86
		{1A284C37-BA3F-4B28-B800-7C3137E3365E}.Release|Mixed Platforms.Deploy.0 = Release|x86
		{1A284C37-BA3F-4B28-B800-7C3137E3365E}.Release|x64.ActiveCfg = Release|x64
		{1A284C37-BA3F-4B28-B800-7C3137E3365E}.Release|x64.Build.0 = Release|x64
		{1A284C37-BA3F-4B28-B800-7C3137E3365E}.Release|x64.Deploy.0 = Release|x64
		{1A284C37-BA3F-4B28-B800-7C3137E3365E}.Release|x86.ActiveCfg = Release|x86
		{1A284C37-BA3F-4B28-B800-7C3137E3365E}.Release|x86.Deploy.0 = Release|x86
		{40AE1FF3-8B25-4659-8B0A-7886113E4246}.Debug|Any CPU.ActiveCfg = Debug|x86
		{40AE1FF3-8B25-4659-8B0A-7886113E4246}.Debug|Any CPU.Build.0 = Debug|x86
		{40AE1FF3-8B25-4659-8B0A-7886113E4246}.Debug|ARM.ActiveCfg = Debug|ARM
		{40AE1FF3-8B25-4659-8B0A-7886113E4246}.Debug|ARM.Build.0 = Debug|ARM
		{40AE1FF3-8B25-4659-8B0A-7886113E4246}.Debug|ARM.Deploy.0 = Debug|ARM
		{40AE1FF3-8B25-4659-8B0A-7886113E4246}.Debug|Mixed Platforms.ActiveCfg = Debug|x86
		{40AE1FF3-8B25-4659-8B0A-7886113E4246}.Debug|Mixed Platforms.Deploy.0 = Debug|x86
		{40AE1FF3-8B25-4659-8B0A-7886113E4246}.Debug|x64.ActiveCfg = Debug|x64
		{40AE1FF3-8B25-4659-8B0A-7886113E4246}.Debug|x64.Build.0 = Debug|x64
		{40AE1FF3-8B25-4659-8B0A-7886113E4246}.Debug|x64.Deploy.0 = Debug|x64
		{40AE1FF3-8B25-4659-8B0A-7886113E4246}.Debug|x86.ActiveCfg = Debug|x86
		{40AE1FF3-8B25-4659-8B0A-7886113E4246}.Debug|x86.Build.0 = Debug|x86
		{40AE1FF3-8B25-4659-8B0A-7886113E4246}.Debug|x86.Deploy.0 = Debug|x86
		{40AE1FF3-8B25-4659-8B0A-7886113E4246}.Documentation|Any CPU.ActiveCfg = Documentation|x86
		{40AE1FF3-8B25-4659-8B0A-7886113E4246}.Documentation|ARM.ActiveCfg = Documentation|ARM
		{40AE1FF3-8B25-4659-8B0A-7886113E4246}.Documentation|ARM.Deploy.0 = Documentation|ARM
		{40AE1FF3-8B25-4659-8B0A-7886113E4246}.Documentation|Mixed Platforms.ActiveCfg = Release|x86
		{40AE1FF3-8B25-4659-8B0A-7886113E4246}.Documentation|Mixed Platforms.Deploy.0 = Release|x86
		{40AE1FF3-8B25-4659-8B0A-7886113E4246}.Documentation|x64.ActiveCfg = Documentation|x64
		{40AE1FF3-8B25-4659-8B0A-7886113E4246}.Documentation|x64.Deploy.0 = Documentation|x64
		{40AE1FF3-8B25-4659-8B0A-7886113E4246}.Documentation|x86.ActiveCfg = Documentation|x86
		{40AE1FF3-8B25-4659-8B0A-7886113E4246}.Documentation|x86.Deploy.0 = Documentation|x86
		{40AE1FF3-8B25-4659-8B0A-7886113E4246}.Release|Any CPU.ActiveCfg = Release|x86
		{40AE1FF3-8B25-4659-8B0A-7886113E4246}.Release|ARM.ActiveCfg = Release|ARM
		{40AE1FF3-8B25-4659-8B0A-7886113E4246}.Release|ARM.Build.0 = Release|ARM
		{40AE1FF3-8B25-4659-8B0A-7886113E4246}.Release|ARM.Deploy.0 = Release|ARM
		{40AE1FF3-8B25-4659-8B0A-7886113E4246}.Release|Mixed Platforms.ActiveCfg = Release|x86
		{40AE1FF3-8B25-4659-8B0A-7886113E4246}.Release|Mixed Platforms.Deploy.0 = Release|x86
		{40AE1FF3-8B25-4659-8B0A-7886113E4246}.Release|x64.ActiveCfg = Release|x64
		{40AE1FF3-8B25-4659-8B0A-7886113E4246}.Release|x64.Build.0 = Release|x64
		{40AE1FF3-8B25-4659-8B0A-7886113E4246}.Release|x64.Deploy.0 = Release|x64
		{40AE1FF3-8B25-4659-8B0A-7886113E4246}.Release|x86.ActiveCfg = Release|x86
		{40AE1FF3-8B25-4659-8B0A-7886113E4246}.Release|x86.Deploy.0 = Release|x86
		{883C5447-2778-43E4-8CDE-6A594B342ACD}.Debug|Any CPU.ActiveCfg = Debug|Any CPU
		{883C5447-2778-43E4-8CDE-6A594B342ACD}.Debug|Any CPU.Build.0 = Debug|Any CPU
		{883C5447-2778-43E4-8CDE-6A594B342ACD}.Debug|ARM.ActiveCfg = Debug|Any CPU
		{883C5447-2778-43E4-8CDE-6A594B342ACD}.Debug|ARM.Build.0 = Debug|Any CPU
		{883C5447-2778-43E4-8CDE-6A594B342ACD}.Debug|Mixed Platforms.ActiveCfg = Debug|Any CPU
		{883C5447-2778-43E4-8CDE-6A594B342ACD}.Debug|Mixed Platforms.Build.0 = Debug|Any CPU
		{883C5447-2778-43E4-8CDE-6A594B342ACD}.Debug|x64.ActiveCfg = Debug|Any CPU
		{883C5447-2778-43E4-8CDE-6A594B342ACD}.Debug|x64.Build.0 = Debug|Any CPU
		{883C5447-2778-43E4-8CDE-6A594B342ACD}.Debug|x86.ActiveCfg = Debug|Any CPU
		{883C5447-2778-43E4-8CDE-6A594B342ACD}.Debug|x86.Build.0 = Debug|Any CPU
		{883C5447-2778-43E4-8CDE-6A594B342ACD}.Documentation|Any CPU.ActiveCfg = Documentation|Any CPU
		{883C5447-2778-43E4-8CDE-6A594B342ACD}.Documentation|ARM.ActiveCfg = Documentation|Any CPU
		{883C5447-2778-43E4-8CDE-6A594B342ACD}.Documentation|ARM.Build.0 = Documentation|Any CPU
		{883C5447-2778-43E4-8CDE-6A594B342ACD}.Documentation|Mixed Platforms.ActiveCfg = Release|Any CPU
		{883C5447-2778-43E4-8CDE-6A594B342ACD}.Documentation|Mixed Platforms.Build.0 = Release|Any CPU
		{883C5447-2778-43E4-8CDE-6A594B342ACD}.Documentation|x64.ActiveCfg = Documentation|Any CPU
		{883C5447-2778-43E4-8CDE-6A594B342ACD}.Documentation|x64.Build.0 = Documentation|Any CPU
		{883C5447-2778-43E4-8CDE-6A594B342ACD}.Documentation|x86.ActiveCfg = Documentation|Any CPU
		{883C5447-2778-43E4-8CDE-6A594B342ACD}.Documentation|x86.Build.0 = Documentation|Any CPU
		{883C5447-2778-43E4-8CDE-6A594B342ACD}.Release|Any CPU.ActiveCfg = Release|Any CPU
		{883C5447-2778-43E4-8CDE-6A594B342ACD}.Release|Any CPU.Build.0 = Release|Any CPU
		{883C5447-2778-43E4-8CDE-6A594B342ACD}.Release|ARM.ActiveCfg = Release|Any CPU
		{883C5447-2778-43E4-8CDE-6A594B342ACD}.Release|ARM.Build.0 = Release|Any CPU
		{883C5447-2778-43E4-8CDE-6A594B342ACD}.Release|Mixed Platforms.ActiveCfg = Release|Any CPU
		{883C5447-2778-43E4-8CDE-6A594B342ACD}.Release|Mixed Platforms.Build.0 = Release|Any CPU
		{883C5447-2778-43E4-8CDE-6A594B342ACD}.Release|x64.ActiveCfg = Release|Any CPU
		{883C5447-2778-43E4-8CDE-6A594B342ACD}.Release|x64.Build.0 = Release|Any CPU
		{883C5447-2778-43E4-8CDE-6A594B342ACD}.Release|x86.ActiveCfg = Release|Any CPU
		{883C5447-2778-43E4-8CDE-6A594B342ACD}.Release|x86.Build.0 = Release|Any CPU
		{CD8F2562-E3A0-4F6D-8285-70349597ADBC}.Debug|Any CPU.ActiveCfg = Debug|Any CPU
		{CD8F2562-E3A0-4F6D-8285-70349597ADBC}.Debug|Any CPU.Build.0 = Debug|Any CPU
		{CD8F2562-E3A0-4F6D-8285-70349597ADBC}.Debug|ARM.ActiveCfg = Debug|ARM
		{CD8F2562-E3A0-4F6D-8285-70349597ADBC}.Debug|ARM.Build.0 = Debug|ARM
		{CD8F2562-E3A0-4F6D-8285-70349597ADBC}.Debug|Mixed Platforms.ActiveCfg = Debug|Any CPU
		{CD8F2562-E3A0-4F6D-8285-70349597ADBC}.Debug|Mixed Platforms.Build.0 = Debug|Any CPU
		{CD8F2562-E3A0-4F6D-8285-70349597ADBC}.Debug|x64.ActiveCfg = Debug|x64
		{CD8F2562-E3A0-4F6D-8285-70349597ADBC}.Debug|x64.Build.0 = Debug|x64
		{CD8F2562-E3A0-4F6D-8285-70349597ADBC}.Debug|x86.ActiveCfg = Debug|x86
		{CD8F2562-E3A0-4F6D-8285-70349597ADBC}.Debug|x86.Build.0 = Debug|x86
		{CD8F2562-E3A0-4F6D-8285-70349597ADBC}.Documentation|Any CPU.ActiveCfg = Documentation|Any CPU
		{CD8F2562-E3A0-4F6D-8285-70349597ADBC}.Documentation|ARM.ActiveCfg = Documentation|ARM
		{CD8F2562-E3A0-4F6D-8285-70349597ADBC}.Documentation|ARM.Build.0 = Documentation|ARM
		{CD8F2562-E3A0-4F6D-8285-70349597ADBC}.Documentation|Mixed Platforms.ActiveCfg = Release|Any CPU
		{CD8F2562-E3A0-4F6D-8285-70349597ADBC}.Documentation|Mixed Platforms.Build.0 = Release|Any CPU
		{CD8F2562-E3A0-4F6D-8285-70349597ADBC}.Documentation|x64.ActiveCfg = Documentation|x64
		{CD8F2562-E3A0-4F6D-8285-70349597ADBC}.Documentation|x64.Build.0 = Documentation|x64
		{CD8F2562-E3A0-4F6D-8285-70349597ADBC}.Documentation|x86.ActiveCfg = Documentation|x86
		{CD8F2562-E3A0-4F6D-8285-70349597ADBC}.Documentation|x86.Build.0 = Documentation|x86
		{CD8F2562-E3A0-4F6D-8285-70349597ADBC}.Release|Any CPU.ActiveCfg = Release|Any CPU
		{CD8F2562-E3A0-4F6D-8285-70349597ADBC}.Release|Any CPU.Build.0 = Release|Any CPU
		{CD8F2562-E3A0-4F6D-8285-70349597ADBC}.Release|ARM.ActiveCfg = Release|ARM
		{CD8F2562-E3A0-4F6D-8285-70349597ADBC}.Release|ARM.Build.0 = Release|ARM
		{CD8F2562-E3A0-4F6D-8285-70349597ADBC}.Release|Mixed Platforms.ActiveCfg = Release|Any CPU
		{CD8F2562-E3A0-4F6D-8285-70349597ADBC}.Release|Mixed Platforms.Build.0 = Release|Any CPU
		{CD8F2562-E3A0-4F6D-8285-70349597ADBC}.Release|x64.ActiveCfg = Release|x64
		{CD8F2562-E3A0-4F6D-8285-70349597ADBC}.Release|x64.Build.0 = Release|x64
		{CD8F2562-E3A0-4F6D-8285-70349597ADBC}.Release|x86.ActiveCfg = Release|x86
		{CD8F2562-E3A0-4F6D-8285-70349597ADBC}.Release|x86.Build.0 = Release|x86
		{A54AE997-6255-4000-A4CE-3F8D6D8F0026}.Debug|Any CPU.ActiveCfg = Debug|Any CPU
		{A54AE997-6255-4000-A4CE-3F8D6D8F0026}.Debug|Any CPU.Build.0 = Debug|Any CPU
		{A54AE997-6255-4000-A4CE-3F8D6D8F0026}.Debug|ARM.ActiveCfg = Debug|Any CPU
		{A54AE997-6255-4000-A4CE-3F8D6D8F0026}.Debug|ARM.Build.0 = Debug|Any CPU
		{A54AE997-6255-4000-A4CE-3F8D6D8F0026}.Debug|Mixed Platforms.ActiveCfg = Debug|Any CPU
		{A54AE997-6255-4000-A4CE-3F8D6D8F0026}.Debug|Mixed Platforms.Build.0 = Debug|Any CPU
		{A54AE997-6255-4000-A4CE-3F8D6D8F0026}.Debug|x64.ActiveCfg = Debug|Any CPU
		{A54AE997-6255-4000-A4CE-3F8D6D8F0026}.Debug|x64.Build.0 = Debug|Any CPU
		{A54AE997-6255-4000-A4CE-3F8D6D8F0026}.Debug|x86.ActiveCfg = Debug|Any CPU
		{A54AE997-6255-4000-A4CE-3F8D6D8F0026}.Debug|x86.Build.0 = Debug|Any CPU
		{A54AE997-6255-4000-A4CE-3F8D6D8F0026}.Documentation|Any CPU.ActiveCfg = Documentation|Any CPU
		{A54AE997-6255-4000-A4CE-3F8D6D8F0026}.Documentation|ARM.ActiveCfg = Documentation|Any CPU
		{A54AE997-6255-4000-A4CE-3F8D6D8F0026}.Documentation|ARM.Build.0 = Documentation|Any CPU
		{A54AE997-6255-4000-A4CE-3F8D6D8F0026}.Documentation|Mixed Platforms.ActiveCfg = Release|Any CPU
		{A54AE997-6255-4000-A4CE-3F8D6D8F0026}.Documentation|Mixed Platforms.Build.0 = Release|Any CPU
		{A54AE997-6255-4000-A4CE-3F8D6D8F0026}.Documentation|x64.ActiveCfg = Documentation|Any CPU
		{A54AE997-6255-4000-A4CE-3F8D6D8F0026}.Documentation|x64.Build.0 = Documentation|Any CPU
		{A54AE997-6255-4000-A4CE-3F8D6D8F0026}.Documentation|x86.ActiveCfg = Documentation|Any CPU
		{A54AE997-6255-4000-A4CE-3F8D6D8F0026}.Documentation|x86.Build.0 = Documentation|Any CPU
		{A54AE997-6255-4000-A4CE-3F8D6D8F0026}.Release|Any CPU.ActiveCfg = Release|Any CPU
		{A54AE997-6255-4000-A4CE-3F8D6D8F0026}.Release|Any CPU.Build.0 = Release|Any CPU
		{A54AE997-6255-4000-A4CE-3F8D6D8F0026}.Release|ARM.ActiveCfg = Release|Any CPU
		{A54AE997-6255-4000-A4CE-3F8D6D8F0026}.Release|ARM.Build.0 = Release|Any CPU
		{A54AE997-6255-4000-A4CE-3F8D6D8F0026}.Release|Mixed Platforms.ActiveCfg = Release|Any CPU
		{A54AE997-6255-4000-A4CE-3F8D6D8F0026}.Release|Mixed Platforms.Build.0 = Release|Any CPU
		{A54AE997-6255-4000-A4CE-3F8D6D8F0026}.Release|x64.ActiveCfg = Release|Any CPU
		{A54AE997-6255-4000-A4CE-3F8D6D8F0026}.Release|x64.Build.0 = Release|Any CPU
		{A54AE997-6255-4000-A4CE-3F8D6D8F0026}.Release|x86.ActiveCfg = Release|Any CPU
		{A54AE997-6255-4000-A4CE-3F8D6D8F0026}.Release|x86.Build.0 = Release|Any CPU
		{157F0F88-34AC-4C49-971F-7027AAC757AE}.Debug|Any CPU.ActiveCfg = Debug|Any CPU
		{157F0F88-34AC-4C49-971F-7027AAC757AE}.Debug|Any CPU.Build.0 = Debug|Any CPU
		{157F0F88-34AC-4C49-971F-7027AAC757AE}.Debug|ARM.ActiveCfg = Debug|Any CPU
		{157F0F88-34AC-4C49-971F-7027AAC757AE}.Debug|ARM.Build.0 = Debug|Any CPU
		{157F0F88-34AC-4C49-971F-7027AAC757AE}.Debug|Mixed Platforms.ActiveCfg = Debug|Any CPU
		{157F0F88-34AC-4C49-971F-7027AAC757AE}.Debug|Mixed Platforms.Build.0 = Debug|Any CPU
		{157F0F88-34AC-4C49-971F-7027AAC757AE}.Debug|x64.ActiveCfg = Debug|Any CPU
		{157F0F88-34AC-4C49-971F-7027AAC757AE}.Debug|x64.Build.0 = Debug|Any CPU
		{157F0F88-34AC-4C49-971F-7027AAC757AE}.Debug|x86.ActiveCfg = Debug|Any CPU
		{157F0F88-34AC-4C49-971F-7027AAC757AE}.Debug|x86.Build.0 = Debug|Any CPU
		{157F0F88-34AC-4C49-971F-7027AAC757AE}.Documentation|Any CPU.ActiveCfg = Debug|Any CPU
		{157F0F88-34AC-4C49-971F-7027AAC757AE}.Documentation|Any CPU.Build.0 = Debug|Any CPU
		{157F0F88-34AC-4C49-971F-7027AAC757AE}.Documentation|ARM.ActiveCfg = Debug|Any CPU
		{157F0F88-34AC-4C49-971F-7027AAC757AE}.Documentation|ARM.Build.0 = Debug|Any CPU
		{157F0F88-34AC-4C49-971F-7027AAC757AE}.Documentation|Mixed Platforms.ActiveCfg = Debug|Any CPU
		{157F0F88-34AC-4C49-971F-7027AAC757AE}.Documentation|Mixed Platforms.Build.0 = Debug|Any CPU
		{157F0F88-34AC-4C49-971F-7027AAC757AE}.Documentation|x64.ActiveCfg = Debug|Any CPU
		{157F0F88-34AC-4C49-971F-7027AAC757AE}.Documentation|x64.Build.0 = Debug|Any CPU
		{157F0F88-34AC-4C49-971F-7027AAC757AE}.Documentation|x86.ActiveCfg = Debug|Any CPU
		{157F0F88-34AC-4C49-971F-7027AAC757AE}.Documentation|x86.Build.0 = Debug|Any CPU
		{157F0F88-34AC-4C49-971F-7027AAC757AE}.Release|Any CPU.ActiveCfg = Release|Any CPU
		{157F0F88-34AC-4C49-971F-7027AAC757AE}.Release|Any CPU.Build.0 = Release|Any CPU
		{157F0F88-34AC-4C49-971F-7027AAC757AE}.Release|ARM.ActiveCfg = Release|Any CPU
		{157F0F88-34AC-4C49-971F-7027AAC757AE}.Release|ARM.Build.0 = Release|Any CPU
		{157F0F88-34AC-4C49-971F-7027AAC757AE}.Release|Mixed Platforms.ActiveCfg = Release|Any CPU
		{157F0F88-34AC-4C49-971F-7027AAC757AE}.Release|Mixed Platforms.Build.0 = Release|Any CPU
		{157F0F88-34AC-4C49-971F-7027AAC757AE}.Release|x64.ActiveCfg = Release|Any CPU
		{157F0F88-34AC-4C49-971F-7027AAC757AE}.Release|x64.Build.0 = Release|Any CPU
		{157F0F88-34AC-4C49-971F-7027AAC757AE}.Release|x86.ActiveCfg = Release|Any CPU
		{157F0F88-34AC-4C49-971F-7027AAC757AE}.Release|x86.Build.0 = Release|Any CPU
	EndGlobalSection
	GlobalSection(SolutionProperties) = preSolution
		HideSolutionNode = FALSE
	EndGlobalSection
	GlobalSection(NestedProjects) = preSolution
		{5894EB9D-270B-41E4-B57A-4F3A48062D20} = {6356D836-36AA-4CD9-8EB2-BF037115D329}
		{9B3C2CF3-0AFD-4FB8-BAB1-2B7931C2AF18} = {6B13388E-F781-4F55-AF8B-2E991EA59DB8}
		{4AA39C19-6571-4A9F-8722-2D7240D425D1} = {6356D836-36AA-4CD9-8EB2-BF037115D329}
		{ABF4F434-E274-4980-B1D1-AADCF75685A0} = {592AA479-AD7F-476B-AEF8-2B0268EA3BD8}
		{73FB08B3-EBF3-4384-A1FB-4442BD999477} = {6356D836-36AA-4CD9-8EB2-BF037115D329}
		{B087D3DF-7BED-4296-8A2F-CCE3324CC45B} = {9F7EFC36-593F-4521-B678-41B00A6642B1}
		{66249041-95E4-4DAE-AC93-3475EBE60AF0} = {9F7EFC36-593F-4521-B678-41B00A6642B1}
		{1A284C37-BA3F-4B28-B800-7C3137E3365E} = {6356D836-36AA-4CD9-8EB2-BF037115D329}
		{40AE1FF3-8B25-4659-8B0A-7886113E4246} = {6356D836-36AA-4CD9-8EB2-BF037115D329}
		{883C5447-2778-43E4-8CDE-6A594B342ACD} = {592AA479-AD7F-476B-AEF8-2B0268EA3BD8}
		{CD8F2562-E3A0-4F6D-8285-70349597ADBC} = {592AA479-AD7F-476B-AEF8-2B0268EA3BD8}
		{A54AE997-6255-4000-A4CE-3F8D6D8F0026} = {592AA479-AD7F-476B-AEF8-2B0268EA3BD8}
		{523E5506-24DF-44CA-83CC-6AA02454F150} = {592AA479-AD7F-476B-AEF8-2B0268EA3BD8}
		{157F0F88-34AC-4C49-971F-7027AAC757AE} = {592AA479-AD7F-476B-AEF8-2B0268EA3BD8}
	EndGlobalSection
	GlobalSection(ExtensibilityGlobals) = postSolution
		SolutionGuid = {5AC43AC2-86FE-46EF-B243-5C8E75EAB89B}
		BuildVersion_UseGlobalSettings = True
		BuildVersion_AssemblyInfoFilename = Source\NET40\Properties\CommonAssemblyInfo.cs
	EndGlobalSection
	GlobalSection(TestCaseManagementSettings) = postSolution
		CategoryFile = ReactiveProperty.vsmdi
	EndGlobalSection
EndGlobal
