
Microsoft Visual Studio Solution File, Format Version 11.00
# Visual Studio 2010
Project("{2150E333-8FDC-42A3-9474-1A3956D46DE8}") = "Source", "Source", "{592AA479-AD7F-476B-AEF8-2B0268EA3BD8}"
EndProject
Project("{FAE04EC0-301F-11D3-BF4B-00C04F79EFBC}") = "ReactiveProperty", "Source\NET40\ReactiveProperty.csproj", "{1FA4492A-829D-4CD6-86E0-D224AB19377E}"
EndProject
Project("{FAE04EC0-301F-11D3-BF4B-00C04F79EFBC}") = "ReactiveProperty.SL4", "Source\SL4\ReactiveProperty.SL4.csproj", "{74D4FD08-05D0-430A-BE08-F4DA1BE0A71B}"
EndProject
Project("{2150E333-8FDC-42A3-9474-1A3956D46DE8}") = "Test", "Test", "{6B13388E-F781-4F55-AF8B-2E991EA59DB8}"
EndProject
Project("{2150E333-8FDC-42A3-9474-1A3956D46DE8}") = "Sample", "Sample", "{6356D836-36AA-4CD9-8EB2-BF037115D329}"
EndProject
Project("{FAE04EC0-301F-11D3-BF4B-00C04F79EFBC}") = "WPF", "Sample\WPF\WPF.csproj", "{5894EB9D-270B-41E4-B57A-4F3A48062D20}"
EndProject
Project("{FAE04EC0-301F-11D3-BF4B-00C04F79EFBC}") = "ReactiveProperty.Tests", "Test\ReactiveProperty.Tests\ReactiveProperty.Tests.csproj", "{9B3C2CF3-0AFD-4FB8-BAB1-2B7931C2AF18}"
EndProject
Project("{2150E333-8FDC-42A3-9474-1A3956D46DE8}") = "Solution Items", "Solution Items", "{6EA82B8C-E3AE-4CEF-8666-DD67FEBDE192}"
	ProjectSection(SolutionItems) = preProject
		Local.testsettings = Local.testsettings
		ReactiveProperty.vsmdi = ReactiveProperty.vsmdi
		TraceAndTestImpact.testsettings = TraceAndTestImpact.testsettings
	EndProjectSection
EndProject
Project("{FAE04EC0-301F-11D3-BF4B-00C04F79EFBC}") = "ReactiveProperty.Tests.Pex", "Test\ReactiveProperty.Tests.Pex\ReactiveProperty.Tests.Pex.csproj", "{6A3C066B-46A4-4928-80B4-89C32D651277}"
EndProject
Project("{FAE04EC0-301F-11D3-BF4B-00C04F79EFBC}") = "Silverlight", "Sample\Silverlight\Silverlight.csproj", "{1727E152-CA8D-4011-83FC-4E908711938F}"
EndProject
Project("{FAE04EC0-301F-11D3-BF4B-00C04F79EFBC}") = "ReactiveProperty.WP7", "Source\WP7\ReactiveProperty.WP7.csproj", "{1D98A326-401B-4A99-97EA-2FF3697C266F}"
EndProject
Global
	GlobalSection(TestCaseManagementSettings) = postSolution
		CategoryFile = ReactiveProperty.vsmdi
	EndGlobalSection
	GlobalSection(SolutionConfigurationPlatforms) = preSolution
		Debug|Any CPU = Debug|Any CPU
		Debug|Mixed Platforms = Debug|Mixed Platforms
		Debug|x86 = Debug|x86
		Release|Any CPU = Release|Any CPU
		Release|Mixed Platforms = Release|Mixed Platforms
		Release|x86 = Release|x86
	EndGlobalSection
	GlobalSection(ProjectConfigurationPlatforms) = postSolution
		{1FA4492A-829D-4CD6-86E0-D224AB19377E}.Debug|Any CPU.ActiveCfg = Debug|Any CPU
		{1FA4492A-829D-4CD6-86E0-D224AB19377E}.Debug|Any CPU.Build.0 = Debug|Any CPU
		{1FA4492A-829D-4CD6-86E0-D224AB19377E}.Debug|Mixed Platforms.ActiveCfg = Debug|Any CPU
		{1FA4492A-829D-4CD6-86E0-D224AB19377E}.Debug|Mixed Platforms.Build.0 = Debug|Any CPU
		{1FA4492A-829D-4CD6-86E0-D224AB19377E}.Debug|x86.ActiveCfg = Debug|Any CPU
		{1FA4492A-829D-4CD6-86E0-D224AB19377E}.Release|Any CPU.ActiveCfg = Release|Any CPU
		{1FA4492A-829D-4CD6-86E0-D224AB19377E}.Release|Any CPU.Build.0 = Release|Any CPU
		{1FA4492A-829D-4CD6-86E0-D224AB19377E}.Release|Mixed Platforms.ActiveCfg = Release|Any CPU
		{1FA4492A-829D-4CD6-86E0-D224AB19377E}.Release|Mixed Platforms.Build.0 = Release|Any CPU
		{1FA4492A-829D-4CD6-86E0-D224AB19377E}.Release|x86.ActiveCfg = Release|Any CPU
		{74D4FD08-05D0-430A-BE08-F4DA1BE0A71B}.Debug|Any CPU.ActiveCfg = Debug|Any CPU
		{74D4FD08-05D0-430A-BE08-F4DA1BE0A71B}.Debug|Any CPU.Build.0 = Debug|Any CPU
		{74D4FD08-05D0-430A-BE08-F4DA1BE0A71B}.Debug|Mixed Platforms.ActiveCfg = Debug|Any CPU
		{74D4FD08-05D0-430A-BE08-F4DA1BE0A71B}.Debug|Mixed Platforms.Build.0 = Debug|Any CPU
		{74D4FD08-05D0-430A-BE08-F4DA1BE0A71B}.Debug|x86.ActiveCfg = Debug|Any CPU
		{74D4FD08-05D0-430A-BE08-F4DA1BE0A71B}.Release|Any CPU.ActiveCfg = Release|Any CPU
		{74D4FD08-05D0-430A-BE08-F4DA1BE0A71B}.Release|Any CPU.Build.0 = Release|Any CPU
		{74D4FD08-05D0-430A-BE08-F4DA1BE0A71B}.Release|Mixed Platforms.ActiveCfg = Release|Any CPU
		{74D4FD08-05D0-430A-BE08-F4DA1BE0A71B}.Release|Mixed Platforms.Build.0 = Release|Any CPU
		{74D4FD08-05D0-430A-BE08-F4DA1BE0A71B}.Release|x86.ActiveCfg = Release|Any CPU
		{5894EB9D-270B-41E4-B57A-4F3A48062D20}.Debug|Any CPU.ActiveCfg = Debug|x86
		{5894EB9D-270B-41E4-B57A-4F3A48062D20}.Debug|Mixed Platforms.ActiveCfg = Debug|x86
		{5894EB9D-270B-41E4-B57A-4F3A48062D20}.Debug|Mixed Platforms.Build.0 = Debug|x86
		{5894EB9D-270B-41E4-B57A-4F3A48062D20}.Debug|x86.ActiveCfg = Debug|x86
		{5894EB9D-270B-41E4-B57A-4F3A48062D20}.Debug|x86.Build.0 = Debug|x86
		{5894EB9D-270B-41E4-B57A-4F3A48062D20}.Release|Any CPU.ActiveCfg = Release|x86
		{5894EB9D-270B-41E4-B57A-4F3A48062D20}.Release|Mixed Platforms.ActiveCfg = Release|x86
		{5894EB9D-270B-41E4-B57A-4F3A48062D20}.Release|Mixed Platforms.Build.0 = Release|x86
		{5894EB9D-270B-41E4-B57A-4F3A48062D20}.Release|x86.ActiveCfg = Release|x86
		{5894EB9D-270B-41E4-B57A-4F3A48062D20}.Release|x86.Build.0 = Release|x86
		{9B3C2CF3-0AFD-4FB8-BAB1-2B7931C2AF18}.Debug|Any CPU.ActiveCfg = Debug|Any CPU
		{9B3C2CF3-0AFD-4FB8-BAB1-2B7931C2AF18}.Debug|Any CPU.Build.0 = Debug|Any CPU
		{9B3C2CF3-0AFD-4FB8-BAB1-2B7931C2AF18}.Debug|Mixed Platforms.ActiveCfg = Debug|Any CPU
		{9B3C2CF3-0AFD-4FB8-BAB1-2B7931C2AF18}.Debug|Mixed Platforms.Build.0 = Debug|Any CPU
		{9B3C2CF3-0AFD-4FB8-BAB1-2B7931C2AF18}.Debug|x86.ActiveCfg = Debug|Any CPU
		{9B3C2CF3-0AFD-4FB8-BAB1-2B7931C2AF18}.Release|Any CPU.ActiveCfg = Release|Any CPU
		{9B3C2CF3-0AFD-4FB8-BAB1-2B7931C2AF18}.Release|Any CPU.Build.0 = Release|Any CPU
		{9B3C2CF3-0AFD-4FB8-BAB1-2B7931C2AF18}.Release|Mixed Platforms.ActiveCfg = Release|Any CPU
		{9B3C2CF3-0AFD-4FB8-BAB1-2B7931C2AF18}.Release|Mixed Platforms.Build.0 = Release|Any CPU
		{9B3C2CF3-0AFD-4FB8-BAB1-2B7931C2AF18}.Release|x86.ActiveCfg = Release|Any CPU
		{6A3C066B-46A4-4928-80B4-89C32D651277}.Debug|Any CPU.ActiveCfg = Debug|Any CPU
		{6A3C066B-46A4-4928-80B4-89C32D651277}.Debug|Any CPU.Build.0 = Debug|Any CPU
		{6A3C066B-46A4-4928-80B4-89C32D651277}.Debug|Mixed Platforms.ActiveCfg = Debug|Any CPU
		{6A3C066B-46A4-4928-80B4-89C32D651277}.Debug|Mixed Platforms.Build.0 = Debug|Any CPU
		{6A3C066B-46A4-4928-80B4-89C32D651277}.Debug|x86.ActiveCfg = Debug|Any CPU
		{6A3C066B-46A4-4928-80B4-89C32D651277}.Release|Any CPU.ActiveCfg = Release|Any CPU
		{6A3C066B-46A4-4928-80B4-89C32D651277}.Release|Any CPU.Build.0 = Release|Any CPU
		{6A3C066B-46A4-4928-80B4-89C32D651277}.Release|Mixed Platforms.ActiveCfg = Release|Any CPU
		{6A3C066B-46A4-4928-80B4-89C32D651277}.Release|Mixed Platforms.Build.0 = Release|Any CPU
		{6A3C066B-46A4-4928-80B4-89C32D651277}.Release|x86.ActiveCfg = Release|Any CPU
		{1727E152-CA8D-4011-83FC-4E908711938F}.Debug|Any CPU.ActiveCfg = Debug|Any CPU
		{1727E152-CA8D-4011-83FC-4E908711938F}.Debug|Any CPU.Build.0 = Debug|Any CPU
		{1727E152-CA8D-4011-83FC-4E908711938F}.Debug|Mixed Platforms.ActiveCfg = Debug|Any CPU
		{1727E152-CA8D-4011-83FC-4E908711938F}.Debug|Mixed Platforms.Build.0 = Debug|Any CPU
		{1727E152-CA8D-4011-83FC-4E908711938F}.Debug|x86.ActiveCfg = Debug|Any CPU
		{1727E152-CA8D-4011-83FC-4E908711938F}.Release|Any CPU.ActiveCfg = Release|Any CPU
		{1727E152-CA8D-4011-83FC-4E908711938F}.Release|Any CPU.Build.0 = Release|Any CPU
		{1727E152-CA8D-4011-83FC-4E908711938F}.Release|Mixed Platforms.ActiveCfg = Release|Any CPU
		{1727E152-CA8D-4011-83FC-4E908711938F}.Release|Mixed Platforms.Build.0 = Release|Any CPU
		{1727E152-CA8D-4011-83FC-4E908711938F}.Release|x86.ActiveCfg = Release|Any CPU
		{1D98A326-401B-4A99-97EA-2FF3697C266F}.Debug|Any CPU.ActiveCfg = Debug|Any CPU
		{1D98A326-401B-4A99-97EA-2FF3697C266F}.Debug|Any CPU.Build.0 = Debug|Any CPU
		{1D98A326-401B-4A99-97EA-2FF3697C266F}.Debug|Mixed Platforms.ActiveCfg = Debug|Any CPU
		{1D98A326-401B-4A99-97EA-2FF3697C266F}.Debug|Mixed Platforms.Build.0 = Debug|Any CPU
		{1D98A326-401B-4A99-97EA-2FF3697C266F}.Debug|x86.ActiveCfg = Debug|Any CPU
		{1D98A326-401B-4A99-97EA-2FF3697C266F}.Release|Any CPU.ActiveCfg = Release|Any CPU
		{1D98A326-401B-4A99-97EA-2FF3697C266F}.Release|Any CPU.Build.0 = Release|Any CPU
		{1D98A326-401B-4A99-97EA-2FF3697C266F}.Release|Mixed Platforms.ActiveCfg = Release|Any CPU
		{1D98A326-401B-4A99-97EA-2FF3697C266F}.Release|Mixed Platforms.Build.0 = Release|Any CPU
		{1D98A326-401B-4A99-97EA-2FF3697C266F}.Release|x86.ActiveCfg = Release|Any CPU
	EndGlobalSection
	GlobalSection(SolutionProperties) = preSolution
		HideSolutionNode = FALSE
	EndGlobalSection
	GlobalSection(NestedProjects) = preSolution
		{1FA4492A-829D-4CD6-86E0-D224AB19377E} = {592AA479-AD7F-476B-AEF8-2B0268EA3BD8}
		{74D4FD08-05D0-430A-BE08-F4DA1BE0A71B} = {592AA479-AD7F-476B-AEF8-2B0268EA3BD8}
		{1D98A326-401B-4A99-97EA-2FF3697C266F} = {592AA479-AD7F-476B-AEF8-2B0268EA3BD8}
		{9B3C2CF3-0AFD-4FB8-BAB1-2B7931C2AF18} = {6B13388E-F781-4F55-AF8B-2E991EA59DB8}
		{6A3C066B-46A4-4928-80B4-89C32D651277} = {6B13388E-F781-4F55-AF8B-2E991EA59DB8}
		{5894EB9D-270B-41E4-B57A-4F3A48062D20} = {6356D836-36AA-4CD9-8EB2-BF037115D329}
		{1727E152-CA8D-4011-83FC-4E908711938F} = {6356D836-36AA-4CD9-8EB2-BF037115D329}
	EndGlobalSection
	GlobalSection(ExtensibilityGlobals) = postSolution
		BuildVersion_AssemblyInfoFilename = Source\NET40\Properties\CommonAssemblyInfo.cs
		BuildVersion_UseGlobalSettings = True
	EndGlobalSection
EndGlobal
