
Microsoft Visual Studio Solution File, Format Version 12.00
# Visual Studio Version 16
VisualStudioVersion = 16.0.28922.388
MinimumVisualStudioVersion = 10.0.40219.1
Project("{FAE04EC0-301F-11D3-BF4B-00C04F79EFBC}") = "PrismSampleApp", "PrismSampleApp\PrismSampleApp.csproj", "{5A40B4B1-5728-4476-A90E-9763C09758E2}"
EndProject
Project("{FAE04EC0-301F-11D3-BF4B-00C04F79EFBC}") = "PrismSampleModule", "PrismSampleModule\PrismSampleModule.csproj", "{9F797A53-2837-4C86-8B83-33A4BBAF7B6A}"
EndProject
Global
	GlobalSection(SolutionConfigurationPlatforms) = preSolution
		Debug|Any CPU = Debug|Any CPU
		Release|Any CPU = Release|Any CPU
	EndGlobalSection
	GlobalSection(ProjectConfigurationPlatforms) = postSolution
		{5A40B4B1-5728-4476-A90E-9763C09758E2}.Debug|Any CPU.ActiveCfg = Debug|Any CPU
		{5A40B4B1-5728-4476-A90E-9763C09758E2}.Debug|Any CPU.Build.0 = Debug|Any CPU
		{5A40B4B1-5728-4476-A90E-9763C09758E2}.Release|Any CPU.ActiveCfg = Release|Any CPU
		{5A40B4B1-5728-4476-A90E-9763C09758E2}.Release|Any CPU.Build.0 = Release|Any CPU
		{9F797A53-2837-4C86-8B83-33A4BBAF7B6A}.Debug|Any CPU.ActiveCfg = Debug|Any CPU
		{9F797A53-2837-4C86-8B83-33A4BBAF7B6A}.Debug|Any CPU.Build.0 = Debug|Any CPU
		{9F797A53-2837-4C86-8B83-33A4BBAF7B6A}.Release|Any CPU.ActiveCfg = Release|Any CPU
		{9F797A53-2837-4C86-8B83-33A4BBAF7B6A}.Release|Any CPU.Build.0 = Release|Any CPU
	EndGlobalSection
	GlobalSection(SolutionProperties) = preSolution
		HideSolutionNode = FALSE
	EndGlobalSection
	GlobalSection(ExtensibilityGlobals) = postSolution
		SolutionGuid = {C9DB0CF5-8D69-4034-9CF7-A34747A440EF}
	EndGlobalSection
EndGlobal
